// !$*UTF8*$!
{
	archiveVersion = 1;
	classes = {
	};
	objectVersion = 56;
	objects = {

/* Begin PBXBuildFile section */
		3157F3D12DA6D4300092C6FA /* AppDelegate.swift in Sources */ = {isa = PBXBuildFile; fileRef = 3157F3D02DA6D4300092C6FA /* AppDelegate.swift */; };
		3157F3D32DA6D4300092C6FA /* SceneDelegate.swift in Sources */ = {isa = PBXBuildFile; fileRef = 3157F3D22DA6D4300092C6FA /* SceneDelegate.swift */; };
		3157F3D52DA6D4300092C6FA /* ViewController.swift in Sources */ = {isa = PBXBuildFile; fileRef = 3157F3D42DA6D4300092C6FA /* ViewController.swift */; };
		3157F3DB2DA6D4300092C6FA /* Document.xcdatamodeld in Sources */ = {isa = PBXBuildFile; fileRef = 3157F3D92DA6D4300092C6FA /* Document.xcdatamodeld */; };
		3157F3DD2DA6D4460092C6FA /* Assets.xcassets in Resources */ = {isa = PBXBuildFile; fileRef = 3157F3DC2DA6D4460092C6FA /* Assets.xcassets */; };
		3157F3E02DA6D4460092C6FA /* LaunchScreen.storyboard in Resources */ = {isa = PBXBuildFile; fileRef = 3157F3DE2DA6D4460092C6FA /* LaunchScreen.storyboard */; };
		3157F3E82DA6D5140092C6FA /* FileManagerModel.swift in Sources */ = {isa = PBXBuildFile; fileRef = 3157F3E72DA6D5140092C6FA /* FileManagerModel.swift */; };
		3157F3EB2DA850980092C6FA /* KeychainAccess in Frameworks */ = {isa = PBXBuildFile; productRef = 3157F3EA2DA850980092C6FA /* KeychainAccess */; };
		3157F3ED2DA850E40092C6FA /* AuthManager.swift in Sources */ = {isa = PBXBuildFile; fileRef = 3157F3EC2DA850E40092C6FA /* AuthManager.swift */; };
		3157F3EF2DA851080092C6FA /* PasswordViewController.swift in Sources */ = {isa = PBXBuildFile; fileRef = 3157F3EE2DA851080092C6FA /* PasswordViewController.swift */; };
		3157F3F12DA851270092C6FA /* SettingsViewController.swift in Sources */ = {isa = PBXBuildFile; fileRef = 3157F3F02DA851270092C6FA /* SettingsViewController.swift */; };
/* End PBXBuildFile section */

/* Begin PBXFileReference section */
		3157F3CD2DA6D4300092C6FA /* Document.app */ = {isa = PBXFileReference; explicitFileType = wrapper.application; includeInIndex = 0; path = Document.app; sourceTree = BUILT_PRODUCTS_DIR; };
		3157F3D02DA6D4300092C6FA /* AppDelegate.swift */ = {isa = PBXFileReference; lastKnownFileType = sourcecode.swift; path = AppDelegate.swift; sourceTree = "<group>"; };
		3157F3D22DA6D4300092C6FA /* SceneDelegate.swift */ = {isa = PBXFileReference; lastKnownFileType = sourcecode.swift; path = SceneDelegate.swift; sourceTree = "<group>"; };
		3157F3D42DA6D4300092C6FA /* ViewController.swift */ = {isa = PBXFileReference; lastKnownFileType = sourcecode.swift; path = ViewController.swift; sourceTree = "<group>"; };
		3157F3DA2DA6D4300092C6FA /* Document.xcdatamodel */ = {isa = PBXFileReference; lastKnownFileType = wrapper.xcdatamodel; path = Document.xcdatamodel; sourceTree = "<group>"; };
		3157F3DC2DA6D4460092C6FA /* Assets.xcassets */ = {isa = PBXFileReference; lastKnownFileType = folder.assetcatalog; path = Assets.xcassets; sourceTree = "<group>"; };
		3157F3DF2DA6D4460092C6FA /* Base */ = {isa = PBXFileReference; lastKnownFileType = file.storyboard; name = Base; path = Base.lproj/LaunchScreen.storyboard; sourceTree = "<group>"; };
		3157F3E12DA6D4460092C6FA /* Info.plist */ = {isa = PBXFileReference; lastKnownFileType = text.plist.xml; path = Info.plist; sourceTree = "<group>"; };
		3157F3E72DA6D5140092C6FA /* FileManagerModel.swift */ = {isa = PBXFileReference; lastKnownFileType = sourcecode.swift; path = FileManagerModel.swift; sourceTree = "<group>"; };
		3157F3EC2DA850E40092C6FA /* AuthManager.swift */ = {isa = PBXFileReference; lastKnownFileType = sourcecode.swift; path = AuthManager.swift; sourceTree = "<group>"; };
		3157F3EE2DA851080092C6FA /* PasswordViewController.swift */ = {isa = PBXFileReference; lastKnownFileType = sourcecode.swift; path = PasswordViewController.swift; sourceTree = "<group>"; };
		3157F3F02DA851270092C6FA /* SettingsViewController.swift */ = {isa = PBXFileReference; lastKnownFileType = sourcecode.swift; path = SettingsViewController.swift; sourceTree = "<group>"; };
/* End PBXFileReference section */

/* Begin PBXFrameworksBuildPhase section */
		3157F3CA2DA6D4300092C6FA /* Frameworks */ = {
			isa = PBXFrameworksBuildPhase;
			buildActionMask = 2147483647;
			files = (
				3157F3EB2DA850980092C6FA /* KeychainAccess in Frameworks */,
			);
			runOnlyForDeploymentPostprocessing = 0;
		};
/* End PBXFrameworksBuildPhase section */

/* Begin PBXGroup section */
		3157F3C42DA6D4300092C6FA = {
			isa = PBXGroup;
			children = (
				3157F3CF2DA6D4300092C6FA /* Document */,
				3157F3CE2DA6D4300092C6FA /* Products */,
			);
			sourceTree = "<group>";
		};
		3157F3CE2DA6D4300092C6FA /* Products */ = {
			isa = PBXGroup;
			children = (
				3157F3CD2DA6D4300092C6FA /* Document.app */,
			);
			name = Products;
			sourceTree = "<group>";
		};
		3157F3CF2DA6D4300092C6FA /* Document */ = {
			isa = PBXGroup;
			children = (
				3157F3D02DA6D4300092C6FA /* AppDelegate.swift */,
				3157F3D22DA6D4300092C6FA /* SceneDelegate.swift */,
				3157F3EC2DA850E40092C6FA /* AuthManager.swift */,
				3157F3EE2DA851080092C6FA /* PasswordViewController.swift */,
				3157F3F02DA851270092C6FA /* SettingsViewController.swift */,
				3157F3D42DA6D4300092C6FA /* ViewController.swift */,
				3157F3E72DA6D5140092C6FA /* FileManagerModel.swift */,
				3157F3DC2DA6D4460092C6FA /* Assets.xcassets */,
				3157F3DE2DA6D4460092C6FA /* LaunchScreen.storyboard */,
				3157F3E12DA6D4460092C6FA /* Info.plist */,
				3157F3D92DA6D4300092C6FA /* Document.xcdatamodeld */,
			);
			path = Document;
			sourceTree = "<group>";
		};
/* End PBXGroup section */

/* Begin PBXNativeTarget section */
		3157F3CC2DA6D4300092C6FA /* Document */ = {
			isa = PBXNativeTarget;
			buildConfigurationList = 3157F3E42DA6D4460092C6FA /* Build configuration list for PBXNativeTarget "Document" */;
			buildPhases = (
				3157F3C92DA6D4300092C6FA /* Sources */,
				3157F3CA2DA6D4300092C6FA /* Frameworks */,
				3157F3CB2DA6D4300092C6FA /* Resources */,
			);
			buildRules = (
			);
			dependencies = (
			);
			name = Document;
			packageProductDependencies = (
				3157F3EA2DA850980092C6FA /* KeychainAccess */,
			);
			productName = Document;
			productReference = 3157F3CD2DA6D4300092C6FA /* Document.app */;
			productType = "com.apple.product-type.application";
		};
/* End PBXNativeTarget section */

/* Begin PBXProject section */
		3157F3C52DA6D4300092C6FA /* Project object */ = {
			isa = PBXProject;
			attributes = {
				BuildIndependentTargetsInParallel = 1;
				LastSwiftUpdateCheck = 1430;
				LastUpgradeCheck = 1430;
				TargetAttributes = {
					3157F3CC2DA6D4300092C6FA = {
						CreatedOnToolsVersion = 14.3.1;
					};
				};
			};
			buildConfigurationList = 3157F3C82DA6D4300092C6FA /* Build configuration list for PBXProject "Document" */;
			compatibilityVersion = "Xcode 14.0";
			developmentRegion = en;
			hasScannedForEncodings = 0;
			knownRegions = (
				en,
				Base,
			);
			mainGroup = 3157F3C42DA6D4300092C6FA;
			packageReferences = (
				3157F3E92DA850980092C6FA /* XCRemoteSwiftPackageReference "KeychainAccess" */,
			);
			productRefGroup = 3157F3CE2DA6D4300092C6FA /* Products */;
			projectDirPath = "";
			projectRoot = "";
			targets = (
				3157F3CC2DA6D4300092C6FA /* Document */,
			);
		};
/* End PBXProject section */

/* Begin PBXResourcesBuildPhase section */
		3157F3CB2DA6D4300092C6FA /* Resources */ = {
			isa = PBXResourcesBuildPhase;
			buildActionMask = 2147483647;
			files = (
				3157F3E02DA6D4460092C6FA /* LaunchScreen.storyboard in Resources */,
				3157F3DD2DA6D4460092C6FA /* Assets.xcassets in Resources */,
			);
			runOnlyForDeploymentPostprocessing = 0;
		};
/* End PBXResourcesBuildPhase section */

/* Begin PBXSourcesBuildPhase section */
		3157F3C92DA6D4300092C6FA /* Sources */ = {
			isa = PBXSourcesBuildPhase;
			buildActionMask = 2147483647;
			files = (
				3157F3DB2DA6D4300092C6FA /* Document.xcdatamodeld in Sources */,
				3157F3ED2DA850E40092C6FA /* AuthManager.swift in Sources */,
				3157F3E82DA6D5140092C6FA /* FileManagerModel.swift in Sources */,
				3157F3EF2DA851080092C6FA /* PasswordViewController.swift in Sources */,
				3157F3D52DA6D4300092C6FA /* ViewController.swift in Sources */,
				3157F3D12DA6D4300092C6FA /* AppDelegate.swift in Sources */,
				3157F3D32DA6D4300092C6FA /* SceneDelegate.swift in Sources */,
				3157F3F12DA851270092C6FA /* SettingsViewController.swift in Sources */,
			);
			runOnlyForDeploymentPostprocessing = 0;
		};
/* End PBXSourcesBuildPhase section */

/* Begin PBXVariantGroup section */
		3157F3DE2DA6D4460092C6FA /* LaunchScreen.storyboard */ = {
			isa = PBXVariantGroup;
			children = (
				3157F3DF2DA6D4460092C6FA /* Base */,
			);
			name = LaunchScreen.storyboard;
			sourceTree = "<group>";
		};
/* End PBXVariantGroup section */

/* Begin XCBuildConfiguration section */
		3157F3E22DA6D4460092C6FA /* Debug */ = {
			isa = XCBuildConfiguration;
			buildSettings = {
				ALWAYS_SEARCH_USER_PATHS = NO;
				CLANG_ANALYZER_NONNULL = YES;
				CLANG_ANALYZER_NUMBER_OBJECT_CONVERSION = YES_AGGRESSIVE;
				CLANG_CXX_LANGUAGE_STANDARD = "gnu++20";
				CLANG_ENABLE_MODULES = YES;
				CLANG_ENABLE_OBJC_ARC = YES;
				CLANG_ENABLE_OBJC_WEAK = YES;
				CLANG_WARN_BLOCK_CAPTURE_AUTORELEASING = YES;
				CLANG_WARN_BOOL_CONVERSION = YES;
				CLANG_WARN_COMMA = YES;
				CLANG_WARN_CONSTANT_CONVERSION = YES;
				CLANG_WARN_DEPRECATED_OBJC_IMPLEMENTATIONS = YES;
				CLANG_WARN_DIRECT_OBJC_ISA_USAGE = YES_ERROR;
				CLANG_WARN_DOCUMENTATION_COMMENTS = YES;
				CLANG_WARN_EMPTY_BODY = YES;
				CLANG_WARN_ENUM_CONVERSION = YES;
				CLANG_WARN_INFINITE_RECURSION = YES;
				CLANG_WARN_INT_CONVERSION = YES;
				CLANG_WARN_NON_LITERAL_NULL_CONVERSION = YES;
				CLANG_WARN_OBJC_IMPLICIT_RETAIN_SELF = YES;
				CLANG_WARN_OBJC_LITERAL_CONVERSION = YES;
				CLANG_WARN_OBJC_ROOT_CLASS = YES_ERROR;
				CLANG_WARN_QUOTED_INCLUDE_IN_FRAMEWORK_HEADER = YES;
				CLANG_WARN_RANGE_LOOP_ANALYSIS = YES;
				CLANG_WARN_STRICT_PROTOTYPES = YES;
				CLANG_WARN_SUSPICIOUS_MOVE = YES;
				CLANG_WARN_UNGUARDED_AVAILABILITY = YES_AGGRESSIVE;
				CLANG_WARN_UNREACHABLE_CODE = YES;
				CLANG_WARN__DUPLICATE_METHOD_MATCH = YES;
				COPY_PHASE_STRIP = NO;
				DEBUG_INFORMATION_FORMAT = dwarf;
				ENABLE_STRICT_OBJC_MSGSEND = YES;
				ENABLE_TESTABILITY = YES;
				GCC_C_LANGUAGE_STANDARD = gnu11;
				GCC_DYNAMIC_NO_PIC = NO;
				GCC_NO_COMMON_BLOCKS = YES;
				GCC_OPTIMIZATION_LEVEL = 0;
				GCC_PREPROCESSOR_DEFINITIONS = (
					"DEBUG=1",
					"$(inherited)",
				);
				GCC_WARN_64_TO_32_BIT_CONVERSION = YES;
				GCC_WARN_ABOUT_RETURN_TYPE = YES_ERROR;
				GCC_WARN_UNDECLARED_SELECTOR = YES;
				GCC_WARN_UNINITIALIZED_AUTOS = YES_AGGRESSIVE;
				GCC_WARN_UNUSED_FUNCTION = YES;
				GCC_WARN_UNUSED_VARIABLE = YES;
				IPHONEOS_DEPLOYMENT_TARGET = 16.4;
				MTL_ENABLE_DEBUG_INFO = INCLUDE_SOURCE;
				MTL_FAST_MATH = YES;
				ONLY_ACTIVE_ARCH = YES;
				SDKROOT = iphoneos;
				SWIFT_ACTIVE_COMPILATION_CONDITIONS = DEBUG;
				SWIFT_OPTIMIZATION_LEVEL = "-Onone";
			};
			name = Debug;
		};
		3157F3E32DA6D4460092C6FA /* Release */ = {
			isa = XCBuildConfiguration;
			buildSettings = {
				ALWAYS_SEARCH_USER_PATHS = NO;
				CLANG_ANALYZER_NONNULL = YES;
				CLANG_ANALYZER_NUMBER_OBJECT_CONVERSION = YES_AGGRESSIVE;
				CLANG_CXX_LANGUAGE_STANDARD = "gnu++20";
				CLANG_ENABLE_MODULES = YES;
				CLANG_ENABLE_OBJC_ARC = YES;
				CLANG_ENABLE_OBJC_WEAK = YES;
				CLANG_WARN_BLOCK_CAPTURE_AUTORELEASING = YES;
				CLANG_WARN_BOOL_CONVERSION = YES;
				CLANG_WARN_COMMA = YES;
				CLANG_WARN_CONSTANT_CONVERSION = YES;
				CLANG_WARN_DEPRECATED_OBJC_IMPLEMENTATIONS = YES;
				CLANG_WARN_DIRECT_OBJC_ISA_USAGE = YES_ERROR;
				CLANG_WARN_DOCUMENTATION_COMMENTS = YES;
				CLANG_WARN_EMPTY_BODY = YES;
				CLANG_WARN_ENUM_CONVERSION = YES;
				CLANG_WARN_INFINITE_RECURSION = YES;
				CLANG_WARN_INT_CONVERSION = YES;
				CLANG_WARN_NON_LITERAL_NULL_CONVERSION = YES;
				CLANG_WARN_OBJC_IMPLICIT_RETAIN_SELF = YES;
				CLANG_WARN_OBJC_LITERAL_CONVERSION = YES;
				CLANG_WARN_OBJC_ROOT_CLASS = YES_ERROR;
				CLANG_WARN_QUOTED_INCLUDE_IN_FRAMEWORK_HEADER = YES;
				CLANG_WARN_RANGE_LOOP_ANALYSIS = YES;
				CLANG_WARN_STRICT_PROTOTYPES = YES;
				CLANG_WARN_SUSPICIOUS_MOVE = YES;
				CLANG_WARN_UNGUARDED_AVAILABILITY = YES_AGGRESSIVE;
				CLANG_WARN_UNREACHABLE_CODE = YES;
				CLANG_WARN__DUPLICATE_METHOD_MATCH = YES;
				COPY_PHASE_STRIP = NO;
				DEBUG_INFORMATION_FORMAT = "dwarf-with-dsym";
				ENABLE_NS_ASSERTIONS = NO;
				ENABLE_STRICT_OBJC_MSGSEND = YES;
				GCC_C_LANGUAGE_STANDARD = gnu11;
				GCC_NO_COMMON_BLOCKS = YES;
				GCC_WARN_64_TO_32_BIT_CONVERSION = YES;
				GCC_WARN_ABOUT_RETURN_TYPE = YES_ERROR;
				GCC_WARN_UNDECLARED_SELECTOR = YES;
				GCC_WARN_UNINITIALIZED_AUTOS = YES_AGGRESSIVE;
				GCC_WARN_UNUSED_FUNCTION = YES;
				GCC_WARN_UNUSED_VARIABLE = YES;
				IPHONEOS_DEPLOYMENT_TARGET = 16.4;
				MTL_ENABLE_DEBUG_INFO = NO;
				MTL_FAST_MATH = YES;
				SDKROOT = iphoneos;
				SWIFT_COMPILATION_MODE = wholemodule;
				SWIFT_OPTIMIZATION_LEVEL = "-O";
				VALIDATE_PRODUCT = YES;
			};
			name = Release;
		};
		3157F3E52DA6D4460092C6FA /* Debug */ = {
			isa = XCBuildConfiguration;
			buildSettings = {
				ASSETCATALOG_COMPILER_APPICON_NAME = AppIcon;
				ASSETCATALOG_COMPILER_GLOBAL_ACCENT_COLOR_NAME = AccentColor;
				CODE_SIGN_STYLE = Automatic;
				CURRENT_PROJECT_VERSION = 1;
				GENERATE_INFOPLIST_FILE = YES;
				INFOPLIST_FILE = Document/Info.plist;
				INFOPLIST_KEY_UIApplicationSupportsIndirectInputEvents = YES;
				INFOPLIST_KEY_UILaunchStoryboardName = LaunchScreen;
				INFOPLIST_KEY_UISupportedInterfaceOrientations_iPad = "UIInterfaceOrientationPortrait UIInterfaceOrientationPortraitUpsideDown UIInterfaceOrientationLandscapeLeft UIInterfaceOrientationLandscapeRight";
				INFOPLIST_KEY_UISupportedInterfaceOrientations_iPhone = "UIInterfaceOrientationPortrait UIInterfaceOrientationLandscapeLeft UIInterfaceOrientationLandscapeRight";
				LD_RUNPATH_SEARCH_PATHS = (
					"$(inherited)",
					"@executable_path/Frameworks",
				);
				MARKETING_VERSION = 1.0;
				PRODUCT_BUNDLE_IDENTIFIER = com.elena.Document;
				PRODUCT_NAME = "$(TARGET_NAME)";
				SWIFT_EMIT_LOC_STRINGS = YES;
				SWIFT_VERSION = 5.0;
				TARGETED_DEVICE_FAMILY = "1,2";
			};
			name = Debug;
		};
		3157F3E62DA6D4460092C6FA /* Release */ = {
			isa = XCBuildConfiguration;
			buildSettings = {
				ASSETCATALOG_COMPILER_APPICON_NAME = AppIcon;
				ASSETCATALOG_COMPILER_GLOBAL_ACCENT_COLOR_NAME = AccentColor;
				CODE_SIGN_STYLE = Automatic;
				CURRENT_PROJECT_VERSION = 1;
				GENERATE_INFOPLIST_FILE = YES;
				INFOPLIST_FILE = Document/Info.plist;
				INFOPLIST_KEY_UIApplicationSupportsIndirectInputEvents = YES;
				INFOPLIST_KEY_UILaunchStoryboardName = LaunchScreen;
				INFOPLIST_KEY_UISupportedInterfaceOrientations_iPad = "UIInterfaceOrientationPortrait UIInterfaceOrientationPortraitUpsideDown UIInterfaceOrientationLandscapeLeft UIInterfaceOrientationLandscapeRight";
				INFOPLIST_KEY_UISupportedInterfaceOrientations_iPhone = "UIInterfaceOrientationPortrait UIInterfaceOrientationLandscapeLeft UIInterfaceOrientationLandscapeRight";
				LD_RUNPATH_SEARCH_PATHS = (
					"$(inherited)",
					"@executable_path/Frameworks",
				);
				MARKETING_VERSION = 1.0;
				PRODUCT_BUNDLE_IDENTIFIER = com.elena.Document;
				PRODUCT_NAME = "$(TARGET_NAME)";
				SWIFT_EMIT_LOC_STRINGS = YES;
				SWIFT_VERSION = 5.0;
				TARGETED_DEVICE_FAMILY = "1,2";
			};
			name = Release;
		};
/* End XCBuildConfiguration section */

/* Begin XCConfigurationList section */
		3157F3C82DA6D4300092C6FA /* Build configuration list for PBXProject "Document" */ = {
			isa = XCConfigurationList;
			buildConfigurations = (
				3157F3E22DA6D4460092C6FA /* Debug */,
				3157F3E32DA6D4460092C6FA /* Release */,
			);
			defaultConfigurationIsVisible = 0;
			defaultConfigurationName = Release;
		};
		3157F3E42DA6D4460092C6FA /* Build configuration list for PBXNativeTarget "Document" */ = {
			isa = XCConfigurationList;
			buildConfigurations = (
				3157F3E52DA6D4460092C6FA /* Debug */,
				3157F3E62DA6D4460092C6FA /* Release */,
			);
			defaultConfigurationIsVisible = 0;
			defaultConfigurationName = Release;
		};
/* End XCConfigurationList section */

/* Begin XCRemoteSwiftPackageReference section */
		3157F3E92DA850980092C6FA /* XCRemoteSwiftPackageReference "KeychainAccess" */ = {
			isa = XCRemoteSwiftPackageReference;
			repositoryURL = "https://github.com/kishikawakatsumi/KeychainAccess";
			requirement = {
				branch = master;
				kind = branch;
			};
		};
/* End XCRemoteSwiftPackageReference section */

/* Begin XCSwiftPackageProductDependency section */
		3157F3EA2DA850980092C6FA /* KeychainAccess */ = {
			isa = XCSwiftPackageProductDependency;
			package = 3157F3E92DA850980092C6FA /* XCRemoteSwiftPackageReference "KeychainAccess" */;
			productName = KeychainAccess;
		};
/* End XCSwiftPackageProductDependency section */

/* Begin XCVersionGroup section */
		3157F3D92DA6D4300092C6FA /* Document.xcdatamodeld */ = {
			isa = XCVersionGroup;
			children = (
				3157F3DA2DA6D4300092C6FA /* Document.xcdatamodel */,
			);
			currentVersion = 3157F3DA2DA6D4300092C6FA /* Document.xcdatamodel */;
			path = Document.xcdatamodeld;
			sourceTree = "<group>";
			versionGroupType = wrapper.xcdatamodel;
		};
/* End XCVersionGroup section */
	};
	rootObject = 3157F3C52DA6D4300092C6FA /* Project object */;
}
