// !$*UTF8*$!
{
	archiveVersion = 1;
	classes = {
	};
	objectVersion = 56;
	objects = {

/* Begin PBXBuildFile section */
		31CCF8522DADB3B70091D3CF /* AppDelegate.swift in Sources */ = {isa = PBXBuildFile; fileRef = 31CCF8512DADB3B70091D3CF /* AppDelegate.swift */; };
		31CCF8542DADB3B70091D3CF /* SceneDelegate.swift in Sources */ = {isa = PBXBuildFile; fileRef = 31CCF8532DADB3B70091D3CF /* SceneDelegate.swift */; };
		31CCF8562DADB3B70091D3CF /* ViewController.swift in Sources */ = {isa = PBXBuildFile; fileRef = 31CCF8552DADB3B70091D3CF /* ViewController.swift */; };
		31CCF85C2DADB3B70091D3CF /* Quote.xcdatamodeld in Sources */ = {isa = PBXBuildFile; fileRef = 31CCF85A2DADB3B70091D3CF /* Quote.xcdatamodeld */; };
		31CCF85E2DADB3BB0091D3CF /* Assets.xcassets in Resources */ = {isa = PBXBuildFile; fileRef = 31CCF85D2DADB3BB0091D3CF /* Assets.xcassets */; };
		31CCF8612DADB3BB0091D3CF /* LaunchScreen.storyboard in Resources */ = {isa = PBXBuildFile; fileRef = 31CCF85F2DADB3BB0091D3CF /* LaunchScreen.storyboard */; };
		31CCF8692DADB4EB0091D3CF /* Quote.swift in Sources */ = {isa = PBXBuildFile; fileRef = 31CCF8682DADB4EB0091D3CF /* Quote.swift */; };
		31CCF86B2DADB5070091D3CF /* ChuckNorrisService.swift in Sources */ = {isa = PBXBuildFile; fileRef = 31CCF86A2DADB5070091D3CF /* ChuckNorrisService.swift */; };
		31CCF86D2DADB51E0091D3CF /* RealmService.swift in Sources */ = {isa = PBXBuildFile; fileRef = 31CCF86C2DADB51E0091D3CF /* RealmService.swift */; };
		31CCF86F2DADB5360091D3CF /* MainTabBarController.swift in Sources */ = {isa = PBXBuildFile; fileRef = 31CCF86E2DADB5360091D3CF /* MainTabBarController.swift */; };
		31CCF8712DADB54B0091D3CF /* DownloadQuoteViewController.swift in Sources */ = {isa = PBXBuildFile; fileRef = 31CCF8702DADB54B0091D3CF /* DownloadQuoteViewController.swift */; };
		31CCF8732DADB5610091D3CF /* QuoteListViewController.swift in Sources */ = {isa = PBXBuildFile; fileRef = 31CCF8722DADB5610091D3CF /* QuoteListViewController.swift */; };
		31CCF8752DADB5770091D3CF /* CategoriesViewController.swift in Sources */ = {isa = PBXBuildFile; fileRef = 31CCF8742DADB5770091D3CF /* CategoriesViewController.swift */; };
		A830503346BE6ACA4950293B /* Pods_Quote.framework in Frameworks */ = {isa = PBXBuildFile; fileRef = 7200A31C7FC2AA588AA64EF5 /* Pods_Quote.framework */; };
/* End PBXBuildFile section */

/* Begin PBXFileReference section */
		31CCF84E2DADB3B70091D3CF /* Quote.app */ = {isa = PBXFileReference; explicitFileType = wrapper.application; includeInIndex = 0; path = Quote.app; sourceTree = BUILT_PRODUCTS_DIR; };
		31CCF8512DADB3B70091D3CF /* AppDelegate.swift */ = {isa = PBXFileReference; lastKnownFileType = sourcecode.swift; path = AppDelegate.swift; sourceTree = "<group>"; };
		31CCF8532DADB3B70091D3CF /* SceneDelegate.swift */ = {isa = PBXFileReference; lastKnownFileType = sourcecode.swift; path = SceneDelegate.swift; sourceTree = "<group>"; };
		31CCF8552DADB3B70091D3CF /* ViewController.swift */ = {isa = PBXFileReference; lastKnownFileType = sourcecode.swift; path = ViewController.swift; sourceTree = "<group>"; };
		31CCF85B2DADB3B70091D3CF /* Quote.xcdatamodel */ = {isa = PBXFileReference; lastKnownFileType = wrapper.xcdatamodel; path = Quote.xcdatamodel; sourceTree = "<group>"; };
		31CCF85D2DADB3BB0091D3CF /* Assets.xcassets */ = {isa = PBXFileReference; lastKnownFileType = folder.assetcatalog; path = Assets.xcassets; sourceTree = "<group>"; };
		31CCF8602DADB3BB0091D3CF /* Base */ = {isa = PBXFileReference; lastKnownFileType = file.storyboard; name = Base; path = Base.lproj/LaunchScreen.storyboard; sourceTree = "<group>"; };
		31CCF8622DADB3BB0091D3CF /* Info.plist */ = {isa = PBXFileReference; lastKnownFileType = text.plist.xml; path = Info.plist; sourceTree = "<group>"; };
		31CCF8682DADB4EB0091D3CF /* Quote.swift */ = {isa = PBXFileReference; lastKnownFileType = sourcecode.swift; path = Quote.swift; sourceTree = "<group>"; };
		31CCF86A2DADB5070091D3CF /* ChuckNorrisService.swift */ = {isa = PBXFileReference; lastKnownFileType = sourcecode.swift; path = ChuckNorrisService.swift; sourceTree = "<group>"; };
		31CCF86C2DADB51E0091D3CF /* RealmService.swift */ = {isa = PBXFileReference; lastKnownFileType = sourcecode.swift; path = RealmService.swift; sourceTree = "<group>"; };
		31CCF86E2DADB5360091D3CF /* MainTabBarController.swift */ = {isa = PBXFileReference; lastKnownFileType = sourcecode.swift; path = MainTabBarController.swift; sourceTree = "<group>"; };
		31CCF8702DADB54B0091D3CF /* DownloadQuoteViewController.swift */ = {isa = PBXFileReference; lastKnownFileType = sourcecode.swift; path = DownloadQuoteViewController.swift; sourceTree = "<group>"; };
		31CCF8722DADB5610091D3CF /* QuoteListViewController.swift */ = {isa = PBXFileReference; lastKnownFileType = sourcecode.swift; path = QuoteListViewController.swift; sourceTree = "<group>"; };
		31CCF8742DADB5770091D3CF /* CategoriesViewController.swift */ = {isa = PBXFileReference; lastKnownFileType = sourcecode.swift; path = CategoriesViewController.swift; sourceTree = "<group>"; };
		7200A31C7FC2AA588AA64EF5 /* Pods_Quote.framework */ = {isa = PBXFileReference; explicitFileType = wrapper.framework; includeInIndex = 0; path = Pods_Quote.framework; sourceTree = BUILT_PRODUCTS_DIR; };
		7B60197E5DF5ADAF6DA2E29E /* Pods-Quote.release.xcconfig */ = {isa = PBXFileReference; includeInIndex = 1; lastKnownFileType = text.xcconfig; name = "Pods-Quote.release.xcconfig"; path = "Target Support Files/Pods-Quote/Pods-Quote.release.xcconfig"; sourceTree = "<group>"; };
		E5ADCF7AE735F6668F0DF5B7 /* Pods-Quote.debug.xcconfig */ = {isa = PBXFileReference; includeInIndex = 1; lastKnownFileType = text.xcconfig; name = "Pods-Quote.debug.xcconfig"; path = "Target Support Files/Pods-Quote/Pods-Quote.debug.xcconfig"; sourceTree = "<group>"; };
/* End PBXFileReference section */

/* Begin PBXFrameworksBuildPhase section */
		31CCF84B2DADB3B70091D3CF /* Frameworks */ = {
			isa = PBXFrameworksBuildPhase;
			buildActionMask = 2147483647;
			files = (
				A830503346BE6ACA4950293B /* Pods_Quote.framework in Frameworks */,
			);
			runOnlyForDeploymentPostprocessing = 0;
		};
/* End PBXFrameworksBuildPhase section */

/* Begin PBXGroup section */
		21F402612945C74C6EDA3C31 /* Frameworks */ = {
			isa = PBXGroup;
			children = (
				7200A31C7FC2AA588AA64EF5 /* Pods_Quote.framework */,
			);
			name = Frameworks;
			sourceTree = "<group>";
		};
		31CCF8452DADB3B70091D3CF = {
			isa = PBXGroup;
			children = (
				31CCF8502DADB3B70091D3CF /* Quote */,
				31CCF84F2DADB3B70091D3CF /* Products */,
				946BB20B21E86482D5D38CCC /* Pods */,
				21F402612945C74C6EDA3C31 /* Frameworks */,
			);
			sourceTree = "<group>";
		};
		31CCF84F2DADB3B70091D3CF /* Products */ = {
			isa = PBXGroup;
			children = (
				31CCF84E2DADB3B70091D3CF /* Quote.app */,
			);
			name = Products;
			sourceTree = "<group>";
		};
		31CCF8502DADB3B70091D3CF /* Quote */ = {
			isa = PBXGroup;
			children = (
				31CCF8512DADB3B70091D3CF /* AppDelegate.swift */,
				31CCF8532DADB3B70091D3CF /* SceneDelegate.swift */,
				31CCF8552DADB3B70091D3CF /* ViewController.swift */,
				31CCF8682DADB4EB0091D3CF /* Quote.swift */,
				31CCF86A2DADB5070091D3CF /* ChuckNorrisService.swift */,
				31CCF86C2DADB51E0091D3CF /* RealmService.swift */,
				31CCF86E2DADB5360091D3CF /* MainTabBarController.swift */,
				31CCF8702DADB54B0091D3CF /* DownloadQuoteViewController.swift */,
				31CCF8722DADB5610091D3CF /* QuoteListViewController.swift */,
				31CCF8742DADB5770091D3CF /* CategoriesViewController.swift */,
				31CCF85D2DADB3BB0091D3CF /* Assets.xcassets */,
				31CCF85F2DADB3BB0091D3CF /* LaunchScreen.storyboard */,
				31CCF8622DADB3BB0091D3CF /* Info.plist */,
				31CCF85A2DADB3B70091D3CF /* Quote.xcdatamodeld */,
			);
			path = Quote;
			sourceTree = "<group>";
		};
		946BB20B21E86482D5D38CCC /* Pods */ = {
			isa = PBXGroup;
			children = (
				E5ADCF7AE735F6668F0DF5B7 /* Pods-Quote.debug.xcconfig */,
				7B60197E5DF5ADAF6DA2E29E /* Pods-Quote.release.xcconfig */,
			);
			path = Pods;
			sourceTree = "<group>";
		};
/* End PBXGroup section */

/* Begin PBXNativeTarget section */
		31CCF84D2DADB3B70091D3CF /* Quote */ = {
			isa = PBXNativeTarget;
			buildConfigurationList = 31CCF8652DADB3BB0091D3CF /* Build configuration list for PBXNativeTarget "Quote" */;
			buildPhases = (
				52857EE26646FD5E72882E1F /* [CP] Check Pods Manifest.lock */,
				31CCF84A2DADB3B70091D3CF /* Sources */,
				31CCF84B2DADB3B70091D3CF /* Frameworks */,
				31CCF84C2DADB3B70091D3CF /* Resources */,
				56AA2706999F894C181F78B6 /* [CP] Embed Pods Frameworks */,
			);
			buildRules = (
			);
			dependencies = (
			);
			name = Quote;
			productName = Quote;
			productReference = 31CCF84E2DADB3B70091D3CF /* Quote.app */;
			productType = "com.apple.product-type.application";
		};
/* End PBXNativeTarget section */

/* Begin PBXProject section */
		31CCF8462DADB3B70091D3CF /* Project object */ = {
			isa = PBXProject;
			attributes = {
				BuildIndependentTargetsInParallel = 1;
				LastSwiftUpdateCheck = 1430;
				LastUpgradeCheck = 1430;
				TargetAttributes = {
					31CCF84D2DADB3B70091D3CF = {
						CreatedOnToolsVersion = 14.3.1;
					};
				};
			};
			buildConfigurationList = 31CCF8492DADB3B70091D3CF /* Build configuration list for PBXProject "Quote" */;
			compatibilityVersion = "Xcode 14.0";
			developmentRegion = en;
			hasScannedForEncodings = 0;
			knownRegions = (
				en,
				Base,
			);
			mainGroup = 31CCF8452DADB3B70091D3CF;
			productRefGroup = 31CCF84F2DADB3B70091D3CF /* Products */;
			projectDirPath = "";
			projectRoot = "";
			targets = (
				31CCF84D2DADB3B70091D3CF /* Quote */,
			);
		};
/* End PBXProject section */

/* Begin PBXResourcesBuildPhase section */
		31CCF84C2DADB3B70091D3CF /* Resources */ = {
			isa = PBXResourcesBuildPhase;
			buildActionMask = 2147483647;
			files = (
				31CCF8612DADB3BB0091D3CF /* LaunchScreen.storyboard in Resources */,
				31CCF85E2DADB3BB0091D3CF /* Assets.xcassets in Resources */,
			);
			runOnlyForDeploymentPostprocessing = 0;
		};
/* End PBXResourcesBuildPhase section */

/* Begin PBXShellScriptBuildPhase section */
		52857EE26646FD5E72882E1F /* [CP] Check Pods Manifest.lock */ = {
			isa = PBXShellScriptBuildPhase;
			buildActionMask = 2147483647;
			files = (
			);
			inputFileListPaths = (
			);
			inputPaths = (
				"${PODS_PODFILE_DIR_PATH}/Podfile.lock",
				"${PODS_ROOT}/Manifest.lock",
			);
			name = "[CP] Check Pods Manifest.lock";
			outputFileListPaths = (
			);
			outputPaths = (
				"$(DERIVED_FILE_DIR)/Pods-Quote-checkManifestLockResult.txt",
			);
			runOnlyForDeploymentPostprocessing = 0;
			shellPath = /bin/sh;
			shellScript = "diff \"${PODS_PODFILE_DIR_PATH}/Podfile.lock\" \"${PODS_ROOT}/Manifest.lock\" > /dev/null\nif [ $? != 0 ] ; then\n    # print error to STDERR\n    echo \"error: The sandbox is not in sync with the Podfile.lock. Run 'pod install' or update your CocoaPods installation.\" >&2\n    exit 1\nfi\n# This output is used by Xcode 'outputs' to avoid re-running this script phase.\necho \"SUCCESS\" > \"${SCRIPT_OUTPUT_FILE_0}\"\n";
			showEnvVarsInLog = 0;
		};
		56AA2706999F894C181F78B6 /* [CP] Embed Pods Frameworks */ = {
			isa = PBXShellScriptBuildPhase;
			buildActionMask = 2147483647;
			files = (
			);
			inputFileListPaths = (
				"${PODS_ROOT}/Target Support Files/Pods-Quote/Pods-Quote-frameworks-${CONFIGURATION}-input-files.xcfilelist",
			);
			name = "[CP] Embed Pods Frameworks";
			outputFileListPaths = (
				"${PODS_ROOT}/Target Support Files/Pods-Quote/Pods-Quote-frameworks-${CONFIGURATION}-output-files.xcfilelist",
			);
			runOnlyForDeploymentPostprocessing = 0;
			shellPath = /bin/sh;
			shellScript = "\"${PODS_ROOT}/Target Support Files/Pods-Quote/Pods-Quote-frameworks.sh\"\n";
			showEnvVarsInLog = 0;
		};
/* End PBXShellScriptBuildPhase section */

/* Begin PBXSourcesBuildPhase section */
		31CCF84A2DADB3B70091D3CF /* Sources */ = {
			isa = PBXSourcesBuildPhase;
			buildActionMask = 2147483647;
			files = (
				31CCF85C2DADB3B70091D3CF /* Quote.xcdatamodeld in Sources */,
				31CCF8752DADB5770091D3CF /* CategoriesViewController.swift in Sources */,
				31CCF8562DADB3B70091D3CF /* ViewController.swift in Sources */,
				31CCF86F2DADB5360091D3CF /* MainTabBarController.swift in Sources */,
				31CCF86D2DADB51E0091D3CF /* RealmService.swift in Sources */,
				31CCF8522DADB3B70091D3CF /* AppDelegate.swift in Sources */,
				31CCF8692DADB4EB0091D3CF /* Quote.swift in Sources */,
				31CCF8542DADB3B70091D3CF /* SceneDelegate.swift in Sources */,
				31CCF8732DADB5610091D3CF /* QuoteListViewController.swift in Sources */,
				31CCF86B2DADB5070091D3CF /* ChuckNorrisService.swift in Sources */,
				31CCF8712DADB54B0091D3CF /* DownloadQuoteViewController.swift in Sources */,
			);
			runOnlyForDeploymentPostprocessing = 0;
		};
/* End PBXSourcesBuildPhase section */

/* Begin PBXVariantGroup section */
		31CCF85F2DADB3BB0091D3CF /* LaunchScreen.storyboard */ = {
			isa = PBXVariantGroup;
			children = (
				31CCF8602DADB3BB0091D3CF /* Base */,
			);
			name = LaunchScreen.storyboard;
			sourceTree = "<group>";
		};
/* End PBXVariantGroup section */

/* Begin XCBuildConfiguration section */
		31CCF8632DADB3BB0091D3CF /* Debug */ = {
			isa = XCBuildConfiguration;
			buildSettings = {
				ALWAYS_SEARCH_USER_PATHS = NO;
				CLANG_ANALYZER_NONNULL = YES;
				CLANG_ANALYZER_NUMBER_OBJECT_CONVERSION = YES_AGGRESSIVE;
				CLANG_CXX_LANGUAGE_STANDARD = "gnu++20";
				CLANG_ENABLE_MODULES = YES;
				CLANG_ENABLE_OBJC_ARC = YES;
				CLANG_ENABLE_OBJC_WEAK = YES;
				CLANG_WARN_BLOCK_CAPTURE_AUTORELEASING = YES;
				CLANG_WARN_BOOL_CONVERSION = YES;
				CLANG_WARN_COMMA = YES;
				CLANG_WARN_CONSTANT_CONVERSION = YES;
				CLANG_WARN_DEPRECATED_OBJC_IMPLEMENTATIONS = YES;
				CLANG_WARN_DIRECT_OBJC_ISA_USAGE = YES_ERROR;
				CLANG_WARN_DOCUMENTATION_COMMENTS = YES;
				CLANG_WARN_EMPTY_BODY = YES;
				CLANG_WARN_ENUM_CONVERSION = YES;
				CLANG_WARN_INFINITE_RECURSION = YES;
				CLANG_WARN_INT_CONVERSION = YES;
				CLANG_WARN_NON_LITERAL_NULL_CONVERSION = YES;
				CLANG_WARN_OBJC_IMPLICIT_RETAIN_SELF = YES;
				CLANG_WARN_OBJC_LITERAL_CONVERSION = YES;
				CLANG_WARN_OBJC_ROOT_CLASS = YES_ERROR;
				CLANG_WARN_QUOTED_INCLUDE_IN_FRAMEWORK_HEADER = YES;
				CLANG_WARN_RANGE_LOOP_ANALYSIS = YES;
				CLANG_WARN_STRICT_PROTOTYPES = YES;
				CLANG_WARN_SUSPICIOUS_MOVE = YES;
				CLANG_WARN_UNGUARDED_AVAILABILITY = YES_AGGRESSIVE;
				CLANG_WARN_UNREACHABLE_CODE = YES;
				CLANG_WARN__DUPLICATE_METHOD_MATCH = YES;
				COPY_PHASE_STRIP = NO;
				DEBUG_INFORMATION_FORMAT = dwarf;
				ENABLE_STRICT_OBJC_MSGSEND = YES;
				ENABLE_TESTABILITY = YES;
				GCC_C_LANGUAGE_STANDARD = gnu11;
				GCC_DYNAMIC_NO_PIC = NO;
				GCC_NO_COMMON_BLOCKS = YES;
				GCC_OPTIMIZATION_LEVEL = 0;
				GCC_PREPROCESSOR_DEFINITIONS = (
					"DEBUG=1",
					"$(inherited)",
				);
				GCC_WARN_64_TO_32_BIT_CONVERSION = YES;
				GCC_WARN_ABOUT_RETURN_TYPE = YES_ERROR;
				GCC_WARN_UNDECLARED_SELECTOR = YES;
				GCC_WARN_UNINITIALIZED_AUTOS = YES_AGGRESSIVE;
				GCC_WARN_UNUSED_FUNCTION = YES;
				GCC_WARN_UNUSED_VARIABLE = YES;
				IPHONEOS_DEPLOYMENT_TARGET = 16.4;
				MTL_ENABLE_DEBUG_INFO = INCLUDE_SOURCE;
				MTL_FAST_MATH = YES;
				ONLY_ACTIVE_ARCH = YES;
				SDKROOT = iphoneos;
				SWIFT_ACTIVE_COMPILATION_CONDITIONS = DEBUG;
				SWIFT_OPTIMIZATION_LEVEL = "-Onone";
			};
			name = Debug;
		};
		31CCF8642DADB3BB0091D3CF /* Release */ = {
			isa = XCBuildConfiguration;
			buildSettings = {
				ALWAYS_SEARCH_USER_PATHS = NO;
				CLANG_ANALYZER_NONNULL = YES;
				CLANG_ANALYZER_NUMBER_OBJECT_CONVERSION = YES_AGGRESSIVE;
				CLANG_CXX_LANGUAGE_STANDARD = "gnu++20";
				CLANG_ENABLE_MODULES = YES;
				CLANG_ENABLE_OBJC_ARC = YES;
				CLANG_ENABLE_OBJC_WEAK = YES;
				CLANG_WARN_BLOCK_CAPTURE_AUTORELEASING = YES;
				CLANG_WARN_BOOL_CONVERSION = YES;
				CLANG_WARN_COMMA = YES;
				CLANG_WARN_CONSTANT_CONVERSION = YES;
				CLANG_WARN_DEPRECATED_OBJC_IMPLEMENTATIONS = YES;
				CLANG_WARN_DIRECT_OBJC_ISA_USAGE = YES_ERROR;
				CLANG_WARN_DOCUMENTATION_COMMENTS = YES;
				CLANG_WARN_EMPTY_BODY = YES;
				CLANG_WARN_ENUM_CONVERSION = YES;
				CLANG_WARN_INFINITE_RECURSION = YES;
				CLANG_WARN_INT_CONVERSION = YES;
				CLANG_WARN_NON_LITERAL_NULL_CONVERSION = YES;
				CLANG_WARN_OBJC_IMPLICIT_RETAIN_SELF = YES;
				CLANG_WARN_OBJC_LITERAL_CONVERSION = YES;
				CLANG_WARN_OBJC_ROOT_CLASS = YES_ERROR;
				CLANG_WARN_QUOTED_INCLUDE_IN_FRAMEWORK_HEADER = YES;
				CLANG_WARN_RANGE_LOOP_ANALYSIS = YES;
				CLANG_WARN_STRICT_PROTOTYPES = YES;
				CLANG_WARN_SUSPICIOUS_MOVE = YES;
				CLANG_WARN_UNGUARDED_AVAILABILITY = YES_AGGRESSIVE;
				CLANG_WARN_UNREACHABLE_CODE = YES;
				CLANG_WARN__DUPLICATE_METHOD_MATCH = YES;
				COPY_PHASE_STRIP = NO;
				DEBUG_INFORMATION_FORMAT = "dwarf-with-dsym";
				ENABLE_NS_ASSERTIONS = NO;
				ENABLE_STRICT_OBJC_MSGSEND = YES;
				GCC_C_LANGUAGE_STANDARD = gnu11;
				GCC_NO_COMMON_BLOCKS = YES;
				GCC_WARN_64_TO_32_BIT_CONVERSION = YES;
				GCC_WARN_ABOUT_RETURN_TYPE = YES_ERROR;
				GCC_WARN_UNDECLARED_SELECTOR = YES;
				GCC_WARN_UNINITIALIZED_AUTOS = YES_AGGRESSIVE;
				GCC_WARN_UNUSED_FUNCTION = YES;
				GCC_WARN_UNUSED_VARIABLE = YES;
				IPHONEOS_DEPLOYMENT_TARGET = 16.4;
				MTL_ENABLE_DEBUG_INFO = NO;
				MTL_FAST_MATH = YES;
				SDKROOT = iphoneos;
				SWIFT_COMPILATION_MODE = wholemodule;
				SWIFT_OPTIMIZATION_LEVEL = "-O";
				VALIDATE_PRODUCT = YES;
			};
			name = Release;
		};
		31CCF8662DADB3BB0091D3CF /* Debug */ = {
			isa = XCBuildConfiguration;
			baseConfigurationReference = E5ADCF7AE735F6668F0DF5B7 /* Pods-Quote.debug.xcconfig */;
			buildSettings = {
				ASSETCATALOG_COMPILER_APPICON_NAME = AppIcon;
				ASSETCATALOG_COMPILER_GLOBAL_ACCENT_COLOR_NAME = AccentColor;
				CODE_SIGN_STYLE = Automatic;
				CURRENT_PROJECT_VERSION = 1;
				GENERATE_INFOPLIST_FILE = YES;
				INFOPLIST_FILE = Quote/Info.plist;
				INFOPLIST_KEY_UIApplicationSupportsIndirectInputEvents = YES;
				INFOPLIST_KEY_UILaunchStoryboardName = LaunchScreen;
				INFOPLIST_KEY_UISupportedInterfaceOrientations_iPad = "UIInterfaceOrientationPortrait UIInterfaceOrientationPortraitUpsideDown UIInterfaceOrientationLandscapeLeft UIInterfaceOrientationLandscapeRight";
				INFOPLIST_KEY_UISupportedInterfaceOrientations_iPhone = "UIInterfaceOrientationPortrait UIInterfaceOrientationLandscapeLeft UIInterfaceOrientationLandscapeRight";
				LD_RUNPATH_SEARCH_PATHS = (
					"$(inherited)",
					"@executable_path/Frameworks",
				);
				MARKETING_VERSION = 1.0;
				PRODUCT_BUNDLE_IDENTIFIER = com.elena.Quote;
				PRODUCT_NAME = "$(TARGET_NAME)";
				SWIFT_EMIT_LOC_STRINGS = YES;
				SWIFT_VERSION = 5.0;
				TARGETED_DEVICE_FAMILY = "1,2";
			};
			name = Debug;
		};
		31CCF8672DADB3BB0091D3CF /* Release */ = {
			isa = XCBuildConfiguration;
			baseConfigurationReference = 7B60197E5DF5ADAF6DA2E29E /* Pods-Quote.release.xcconfig */;
			buildSettings = {
				ASSETCATALOG_COMPILER_APPICON_NAME = AppIcon;
				ASSETCATALOG_COMPILER_GLOBAL_ACCENT_COLOR_NAME = AccentColor;
				CODE_SIGN_STYLE = Automatic;
				CURRENT_PROJECT_VERSION = 1;
				GENERATE_INFOPLIST_FILE = YES;
				INFOPLIST_FILE = Quote/Info.plist;
				INFOPLIST_KEY_UIApplicationSupportsIndirectInputEvents = YES;
				INFOPLIST_KEY_UILaunchStoryboardName = LaunchScreen;
				INFOPLIST_KEY_UISupportedInterfaceOrientations_iPad = "UIInterfaceOrientationPortrait UIInterfaceOrientationPortraitUpsideDown UIInterfaceOrientationLandscapeLeft UIInterfaceOrientationLandscapeRight";
				INFOPLIST_KEY_UISupportedInterfaceOrientations_iPhone = "UIInterfaceOrientationPortrait UIInterfaceOrientationLandscapeLeft UIInterfaceOrientationLandscapeRight";
				LD_RUNPATH_SEARCH_PATHS = (
					"$(inherited)",
					"@executable_path/Frameworks",
				);
				MARKETING_VERSION = 1.0;
				PRODUCT_BUNDLE_IDENTIFIER = com.elena.Quote;
				PRODUCT_NAME = "$(TARGET_NAME)";
				SWIFT_EMIT_LOC_STRINGS = YES;
				SWIFT_VERSION = 5.0;
				TARGETED_DEVICE_FAMILY = "1,2";
			};
			name = Release;
		};
/* End XCBuildConfiguration section */

/* Begin XCConfigurationList section */
		31CCF8492DADB3B70091D3CF /* Build configuration list for PBXProject "Quote" */ = {
			isa = XCConfigurationList;
			buildConfigurations = (
				31CCF8632DADB3BB0091D3CF /* Debug */,
				31CCF8642DADB3BB0091D3CF /* Release */,
			);
			defaultConfigurationIsVisible = 0;
			defaultConfigurationName = Release;
		};
		31CCF8652DADB3BB0091D3CF /* Build configuration list for PBXNativeTarget "Quote" */ = {
			isa = XCConfigurationList;
			buildConfigurations = (
				31CCF8662DADB3BB0091D3CF /* Debug */,
				31CCF8672DADB3BB0091D3CF /* Release */,
			);
			defaultConfigurationIsVisible = 0;
			defaultConfigurationName = Release;
		};
/* End XCConfigurationList section */

/* Begin XCVersionGroup section */
		31CCF85A2DADB3B70091D3CF /* Quote.xcdatamodeld */ = {
			isa = XCVersionGroup;
			children = (
				31CCF85B2DADB3B70091D3CF /* Quote.xcdatamodel */,
			);
			currentVersion = 31CCF85B2DADB3B70091D3CF /* Quote.xcdatamodel */;
			path = Quote.xcdatamodeld;
			sourceTree = "<group>";
			versionGroupType = wrapper.xcdatamodel;
		};
/* End XCVersionGroup section */
	};
	rootObject = 31CCF8462DADB3B70091D3CF /* Project object */;
}
