// !$*UTF8*$!
{
	archiveVersion = 1;
	classes = {
	};
	objectVersion = 56;
	objects = {

/* Begin PBXBuildFile section */
		3126B8332C0759370078029A /* AppDelegate.swift in Sources */ = {isa = PBXBuildFile; fileRef = 3126B8322C0759370078029A /* AppDelegate.swift */; };
		3126B8352C0759370078029A /* SceneDelegate.swift in Sources */ = {isa = PBXBuildFile; fileRef = 3126B8342C0759370078029A /* SceneDelegate.swift */; };
		3126B8372C0759370078029A /* ViewController.swift in Sources */ = {isa = PBXBuildFile; fileRef = 3126B8362C0759370078029A /* ViewController.swift */; };
		3126B83C2C07593D0078029A /* Assets.xcassets in Resources */ = {isa = PBXBuildFile; fileRef = 3126B83B2C07593D0078029A /* Assets.xcassets */; };
		3126B83F2C07593D0078029A /* LaunchScreen.storyboard in Resources */ = {isa = PBXBuildFile; fileRef = 3126B83D2C07593D0078029A /* LaunchScreen.storyboard */; };
		3126B8472C075AA20078029A /* ProfileViewController.swift in Sources */ = {isa = PBXBuildFile; fileRef = 3126B8462C075AA20078029A /* ProfileViewController.swift */; };
		3126B8492C075ABD0078029A /* FeedViewController.swift in Sources */ = {isa = PBXBuildFile; fileRef = 3126B8482C075ABD0078029A /* FeedViewController.swift */; };
		3126B84B2C075E260078029A /* PostViewController.swift in Sources */ = {isa = PBXBuildFile; fileRef = 3126B84A2C075E260078029A /* PostViewController.swift */; };
		3126B84D2C075EF20078029A /* InfoViewController.swift in Sources */ = {isa = PBXBuildFile; fileRef = 3126B84C2C075EF20078029A /* InfoViewController.swift */; };
		3149F5482C52D593005FA37B /* LogInViewController.swift in Sources */ = {isa = PBXBuildFile; fileRef = 3149F5472C52D593005FA37B /* LogInViewController.swift */; };
		314D39A92C2052A30074EDDD /* ProfileHeaderView.swift in Sources */ = {isa = PBXBuildFile; fileRef = 314D39A82C2052A30074EDDD /* ProfileHeaderView.swift */; };
		315834FC2C6F9155002B6DD5 /* PhotosTableViewCell.swift in Sources */ = {isa = PBXBuildFile; fileRef = 315834FB2C6F9155002B6DD5 /* PhotosTableViewCell.swift */; };
		31BE2B5A2C5E9E5600165C77 /* PostTableViewCell.swift in Sources */ = {isa = PBXBuildFile; fileRef = 31BE2B592C5E9E5600165C77 /* PostTableViewCell.swift */; };
		31C6A0312C6FCD5100DEFA9F /* PhotosCollectionViewCell.swift in Sources */ = {isa = PBXBuildFile; fileRef = 31C6A0302C6FCD5100DEFA9F /* PhotosCollectionViewCell.swift */; };
		31C6A0332C6FCD8C00DEFA9F /* PhotosViewController.swift in Sources */ = {isa = PBXBuildFile; fileRef = 31C6A0322C6FCD8C00DEFA9F /* PhotosViewController.swift */; };
		31D990EF2CAB723B00396883 /* iOSIntPackage in Frameworks */ = {isa = PBXBuildFile; productRef = 31D990EE2CAB723B00396883 /* iOSIntPackage */; };
		31EC5B5C2CA47C4E00AACEA5 /* StorageService.docc in Sources */ = {isa = PBXBuildFile; fileRef = 31EC5B5B2CA47C4E00AACEA5 /* StorageService.docc */; };
		31EC5B622CA47C4F00AACEA5 /* StorageService.framework in Frameworks */ = {isa = PBXBuildFile; fileRef = 31EC5B582CA47C4E00AACEA5 /* StorageService.framework */; };
		31EC5B692CA47C4F00AACEA5 /* StorageServiceTests.swift in Sources */ = {isa = PBXBuildFile; fileRef = 31EC5B682CA47C4F00AACEA5 /* StorageServiceTests.swift */; };
		31EC5B6A2CA47C4F00AACEA5 /* StorageService.h in Headers */ = {isa = PBXBuildFile; fileRef = 31EC5B5A2CA47C4E00AACEA5 /* StorageService.h */; settings = {ATTRIBUTES = (Public, ); }; };
		31EC5B6D2CA47C4F00AACEA5 /* StorageService.framework in Frameworks */ = {isa = PBXBuildFile; fileRef = 31EC5B582CA47C4E00AACEA5 /* StorageService.framework */; };
		31EC5B6E2CA47C4F00AACEA5 /* StorageService.framework in Embed Frameworks */ = {isa = PBXBuildFile; fileRef = 31EC5B582CA47C4E00AACEA5 /* StorageService.framework */; settings = {ATTRIBUTES = (CodeSignOnCopy, RemoveHeadersOnCopy, ); }; };
		31EC5B762CA47C5B00AACEA5 /* Post.swift in Sources */ = {isa = PBXBuildFile; fileRef = 31BE2B532C5D5A5400165C77 /* Post.swift */; };
		3F400641A7C01E49CFA817C6 /* Pods_StorageService.framework in Frameworks */ = {isa = PBXBuildFile; fileRef = FB787327BC3126DB7B4DB061 /* Pods_StorageService.framework */; };
		534EA32CA6CD11AB7A3FD5E6 /* Pods_Navigation1.framework in Frameworks */ = {isa = PBXBuildFile; fileRef = A0C4A0EF5091FA25E83E30E9 /* Pods_Navigation1.framework */; };
		964698584BA00B0AEA340626 /* Pods_StorageService_StorageServiceTests.framework in Frameworks */ = {isa = PBXBuildFile; fileRef = 0606BE44DEB64F5357ED00D8 /* Pods_StorageService_StorageServiceTests.framework */; };
/* End PBXBuildFile section */

/* Begin PBXContainerItemProxy section */
		31EC5B632CA47C4F00AACEA5 /* PBXContainerItemProxy */ = {
			isa = PBXContainerItemProxy;
			containerPortal = 3126B8272C0759360078029A /* Project object */;
			proxyType = 1;
			remoteGlobalIDString = 31EC5B572CA47C4E00AACEA5;
			remoteInfo = StorageService;
		};
		31EC5B652CA47C4F00AACEA5 /* PBXContainerItemProxy */ = {
			isa = PBXContainerItemProxy;
			containerPortal = 3126B8272C0759360078029A /* Project object */;
			proxyType = 1;
			remoteGlobalIDString = 3126B82E2C0759370078029A;
			remoteInfo = Navigation1;
		};
		31EC5B6B2CA47C4F00AACEA5 /* PBXContainerItemProxy */ = {
			isa = PBXContainerItemProxy;
			containerPortal = 3126B8272C0759360078029A /* Project object */;
			proxyType = 1;
			remoteGlobalIDString = 31EC5B572CA47C4E00AACEA5;
			remoteInfo = StorageService;
		};
/* End PBXContainerItemProxy section */

/* Begin PBXCopyFilesBuildPhase section */
		31EC5B6F2CA47C4F00AACEA5 /* Embed Frameworks */ = {
			isa = PBXCopyFilesBuildPhase;
			buildActionMask = 2147483647;
			dstPath = "";
			dstSubfolderSpec = 10;
			files = (
				31EC5B6E2CA47C4F00AACEA5 /* StorageService.framework in Embed Frameworks */,
			);
			name = "Embed Frameworks";
			runOnlyForDeploymentPostprocessing = 0;
		};
/* End PBXCopyFilesBuildPhase section */

/* Begin PBXFileReference section */
		0606BE44DEB64F5357ED00D8 /* Pods_StorageService_StorageServiceTests.framework */ = {isa = PBXFileReference; explicitFileType = wrapper.framework; includeInIndex = 0; path = Pods_StorageService_StorageServiceTests.framework; sourceTree = BUILT_PRODUCTS_DIR; };
		22DDC99145031E777D748A4A /* Pods-Navigation1.release.xcconfig */ = {isa = PBXFileReference; includeInIndex = 1; lastKnownFileType = text.xcconfig; name = "Pods-Navigation1.release.xcconfig"; path = "Target Support Files/Pods-Navigation1/Pods-Navigation1.release.xcconfig"; sourceTree = "<group>"; };
		3126B82F2C0759370078029A /* Navigation1.app */ = {isa = PBXFileReference; explicitFileType = wrapper.application; includeInIndex = 0; path = Navigation1.app; sourceTree = BUILT_PRODUCTS_DIR; };
		3126B8322C0759370078029A /* AppDelegate.swift */ = {isa = PBXFileReference; lastKnownFileType = sourcecode.swift; path = AppDelegate.swift; sourceTree = "<group>"; };
		3126B8342C0759370078029A /* SceneDelegate.swift */ = {isa = PBXFileReference; lastKnownFileType = sourcecode.swift; path = SceneDelegate.swift; sourceTree = "<group>"; };
		3126B8362C0759370078029A /* ViewController.swift */ = {isa = PBXFileReference; lastKnownFileType = sourcecode.swift; path = ViewController.swift; sourceTree = "<group>"; };
		3126B83B2C07593D0078029A /* Assets.xcassets */ = {isa = PBXFileReference; lastKnownFileType = folder.assetcatalog; path = Assets.xcassets; sourceTree = "<group>"; };
		3126B83E2C07593D0078029A /* Base */ = {isa = PBXFileReference; lastKnownFileType = file.storyboard; name = Base; path = Base.lproj/LaunchScreen.storyboard; sourceTree = "<group>"; };
		3126B8402C07593D0078029A /* Info.plist */ = {isa = PBXFileReference; lastKnownFileType = text.plist.xml; path = Info.plist; sourceTree = "<group>"; };
		3126B8462C075AA20078029A /* ProfileViewController.swift */ = {isa = PBXFileReference; lastKnownFileType = sourcecode.swift; path = ProfileViewController.swift; sourceTree = "<group>"; };
		3126B8482C075ABD0078029A /* FeedViewController.swift */ = {isa = PBXFileReference; lastKnownFileType = sourcecode.swift; path = FeedViewController.swift; sourceTree = "<group>"; };
		3126B84A2C075E260078029A /* PostViewController.swift */ = {isa = PBXFileReference; lastKnownFileType = sourcecode.swift; path = PostViewController.swift; sourceTree = "<group>"; };
		3126B84C2C075EF20078029A /* InfoViewController.swift */ = {isa = PBXFileReference; lastKnownFileType = sourcecode.swift; path = InfoViewController.swift; sourceTree = "<group>"; };
		3149F5472C52D593005FA37B /* LogInViewController.swift */ = {isa = PBXFileReference; lastKnownFileType = sourcecode.swift; path = LogInViewController.swift; sourceTree = "<group>"; };
		314D39A82C2052A30074EDDD /* ProfileHeaderView.swift */ = {isa = PBXFileReference; lastKnownFileType = sourcecode.swift; path = ProfileHeaderView.swift; sourceTree = "<group>"; };
		315834FB2C6F9155002B6DD5 /* PhotosTableViewCell.swift */ = {isa = PBXFileReference; lastKnownFileType = sourcecode.swift; path = PhotosTableViewCell.swift; sourceTree = "<group>"; };
		31BE2B532C5D5A5400165C77 /* Post.swift */ = {isa = PBXFileReference; lastKnownFileType = sourcecode.swift; path = Post.swift; sourceTree = "<group>"; };
		31BE2B592C5E9E5600165C77 /* PostTableViewCell.swift */ = {isa = PBXFileReference; lastKnownFileType = sourcecode.swift; path = PostTableViewCell.swift; sourceTree = "<group>"; };
		31C6A0302C6FCD5100DEFA9F /* PhotosCollectionViewCell.swift */ = {isa = PBXFileReference; lastKnownFileType = sourcecode.swift; path = PhotosCollectionViewCell.swift; sourceTree = "<group>"; };
		31C6A0322C6FCD8C00DEFA9F /* PhotosViewController.swift */ = {isa = PBXFileReference; lastKnownFileType = sourcecode.swift; path = PhotosViewController.swift; sourceTree = "<group>"; };
		31EC5B582CA47C4E00AACEA5 /* StorageService.framework */ = {isa = PBXFileReference; explicitFileType = wrapper.framework; includeInIndex = 0; path = StorageService.framework; sourceTree = BUILT_PRODUCTS_DIR; };
		31EC5B5A2CA47C4E00AACEA5 /* StorageService.h */ = {isa = PBXFileReference; lastKnownFileType = sourcecode.c.h; path = StorageService.h; sourceTree = "<group>"; };
		31EC5B5B2CA47C4E00AACEA5 /* StorageService.docc */ = {isa = PBXFileReference; lastKnownFileType = folder.documentationcatalog; path = StorageService.docc; sourceTree = "<group>"; };
		31EC5B612CA47C4F00AACEA5 /* StorageServiceTests.xctest */ = {isa = PBXFileReference; explicitFileType = wrapper.cfbundle; includeInIndex = 0; path = StorageServiceTests.xctest; sourceTree = BUILT_PRODUCTS_DIR; };
		31EC5B682CA47C4F00AACEA5 /* StorageServiceTests.swift */ = {isa = PBXFileReference; lastKnownFileType = sourcecode.swift; path = StorageServiceTests.swift; sourceTree = "<group>"; };
		371AF147134B7FE316432A9A /* Pods-Navigation1.debug.xcconfig */ = {isa = PBXFileReference; includeInIndex = 1; lastKnownFileType = text.xcconfig; name = "Pods-Navigation1.debug.xcconfig"; path = "Target Support Files/Pods-Navigation1/Pods-Navigation1.debug.xcconfig"; sourceTree = "<group>"; };
		400BF9247AB4D3A0ECAF6AB3 /* Pods-StorageService-StorageServiceTests.release.xcconfig */ = {isa = PBXFileReference; includeInIndex = 1; lastKnownFileType = text.xcconfig; name = "Pods-StorageService-StorageServiceTests.release.xcconfig"; path = "Target Support Files/Pods-StorageService-StorageServiceTests/Pods-StorageService-StorageServiceTests.release.xcconfig"; sourceTree = "<group>"; };
		853C73A9EB0A1118F9E59D0A /* Pods-StorageService.release.xcconfig */ = {isa = PBXFileReference; includeInIndex = 1; lastKnownFileType = text.xcconfig; name = "Pods-StorageService.release.xcconfig"; path = "Target Support Files/Pods-StorageService/Pods-StorageService.release.xcconfig"; sourceTree = "<group>"; };
		98846BB6E22A7C39E2D4DAA7 /* Pods-StorageService.debug.xcconfig */ = {isa = PBXFileReference; includeInIndex = 1; lastKnownFileType = text.xcconfig; name = "Pods-StorageService.debug.xcconfig"; path = "Target Support Files/Pods-StorageService/Pods-StorageService.debug.xcconfig"; sourceTree = "<group>"; };
		A0C4A0EF5091FA25E83E30E9 /* Pods_Navigation1.framework */ = {isa = PBXFileReference; explicitFileType = wrapper.framework; includeInIndex = 0; path = Pods_Navigation1.framework; sourceTree = BUILT_PRODUCTS_DIR; };
		B524FEA6BE73CDD9C9555308 /* Pods-StorageService-StorageServiceTests.debug.xcconfig */ = {isa = PBXFileReference; includeInIndex = 1; lastKnownFileType = text.xcconfig; name = "Pods-StorageService-StorageServiceTests.debug.xcconfig"; path = "Target Support Files/Pods-StorageService-StorageServiceTests/Pods-StorageService-StorageServiceTests.debug.xcconfig"; sourceTree = "<group>"; };
		FB787327BC3126DB7B4DB061 /* Pods_StorageService.framework */ = {isa = PBXFileReference; explicitFileType = wrapper.framework; includeInIndex = 0; path = Pods_StorageService.framework; sourceTree = BUILT_PRODUCTS_DIR; };
/* End PBXFileReference section */

/* Begin PBXFrameworksBuildPhase section */
		3126B82C2C0759370078029A /* Frameworks */ = {
			isa = PBXFrameworksBuildPhase;
			buildActionMask = 2147483647;
			files = (
				31D990EF2CAB723B00396883 /* iOSIntPackage in Frameworks */,
				31EC5B6D2CA47C4F00AACEA5 /* StorageService.framework in Frameworks */,
				534EA32CA6CD11AB7A3FD5E6 /* Pods_Navigation1.framework in Frameworks */,
			);
			runOnlyForDeploymentPostprocessing = 0;
		};
		31EC5B552CA47C4E00AACEA5 /* Frameworks */ = {
			isa = PBXFrameworksBuildPhase;
			buildActionMask = 2147483647;
			files = (
				3F400641A7C01E49CFA817C6 /* Pods_StorageService.framework in Frameworks */,
			);
			runOnlyForDeploymentPostprocessing = 0;
		};
		31EC5B5E2CA47C4F00AACEA5 /* Frameworks */ = {
			isa = PBXFrameworksBuildPhase;
			buildActionMask = 2147483647;
			files = (
				31EC5B622CA47C4F00AACEA5 /* StorageService.framework in Frameworks */,
				964698584BA00B0AEA340626 /* Pods_StorageService_StorageServiceTests.framework in Frameworks */,
			);
			runOnlyForDeploymentPostprocessing = 0;
		};
/* End PBXFrameworksBuildPhase section */

/* Begin PBXGroup section */
		3126B8262C0759360078029A = {
			isa = PBXGroup;
			children = (
				3126B8312C0759370078029A /* Navigation1 */,
				31EC5B592CA47C4E00AACEA5 /* StorageService */,
				31EC5B672CA47C4F00AACEA5 /* StorageServiceTests */,
				3126B8302C0759370078029A /* Products */,
				A42B797D4F4B3018EE2C68A6 /* Pods */,
				9550FCE47AC5C8473085C140 /* Frameworks */,
			);
			sourceTree = "<group>";
		};
		3126B8302C0759370078029A /* Products */ = {
			isa = PBXGroup;
			children = (
				3126B82F2C0759370078029A /* Navigation1.app */,
				31EC5B582CA47C4E00AACEA5 /* StorageService.framework */,
				31EC5B612CA47C4F00AACEA5 /* StorageServiceTests.xctest */,
			);
			name = Products;
			sourceTree = "<group>";
		};
		3126B8312C0759370078029A /* Navigation1 */ = {
			isa = PBXGroup;
			children = (
				314D39A72C2050DF0074EDDD /* Profile */,
				3126B8322C0759370078029A /* AppDelegate.swift */,
				3126B8342C0759370078029A /* SceneDelegate.swift */,
				3126B8362C0759370078029A /* ViewController.swift */,
				3126B83B2C07593D0078029A /* Assets.xcassets */,
				3126B83D2C07593D0078029A /* LaunchScreen.storyboard */,
				3126B8402C07593D0078029A /* Info.plist */,
				3126B8482C075ABD0078029A /* FeedViewController.swift */,
				3126B84A2C075E260078029A /* PostViewController.swift */,
				3126B84C2C075EF20078029A /* InfoViewController.swift */,
				31BE2B592C5E9E5600165C77 /* PostTableViewCell.swift */,
				315834FB2C6F9155002B6DD5 /* PhotosTableViewCell.swift */,
				31C6A0302C6FCD5100DEFA9F /* PhotosCollectionViewCell.swift */,
				31C6A0322C6FCD8C00DEFA9F /* PhotosViewController.swift */,
			);
			path = Navigation1;
			sourceTree = "<group>";
		};
		314D39A72C2050DF0074EDDD /* Profile */ = {
			isa = PBXGroup;
			children = (
				314D39A82C2052A30074EDDD /* ProfileHeaderView.swift */,
				3126B8462C075AA20078029A /* ProfileViewController.swift */,
				3149F5472C52D593005FA37B /* LogInViewController.swift */,
			);
			path = Profile;
			sourceTree = "<group>";
		};
		31EC5B592CA47C4E00AACEA5 /* StorageService */ = {
			isa = PBXGroup;
			children = (
				31BE2B532C5D5A5400165C77 /* Post.swift */,
				31EC5B5A2CA47C4E00AACEA5 /* StorageService.h */,
				31EC5B5B2CA47C4E00AACEA5 /* StorageService.docc */,
			);
			path = StorageService;
			sourceTree = "<group>";
		};
		31EC5B672CA47C4F00AACEA5 /* StorageServiceTests */ = {
			isa = PBXGroup;
			children = (
				31EC5B682CA47C4F00AACEA5 /* StorageServiceTests.swift */,
			);
			path = StorageServiceTests;
			sourceTree = "<group>";
		};
		9550FCE47AC5C8473085C140 /* Frameworks */ = {
			isa = PBXGroup;
			children = (
				A0C4A0EF5091FA25E83E30E9 /* Pods_Navigation1.framework */,
				FB787327BC3126DB7B4DB061 /* Pods_StorageService.framework */,
				0606BE44DEB64F5357ED00D8 /* Pods_StorageService_StorageServiceTests.framework */,
			);
			name = Frameworks;
			sourceTree = "<group>";
		};
		A42B797D4F4B3018EE2C68A6 /* Pods */ = {
			isa = PBXGroup;
			children = (
				371AF147134B7FE316432A9A /* Pods-Navigation1.debug.xcconfig */,
				22DDC99145031E777D748A4A /* Pods-Navigation1.release.xcconfig */,
				98846BB6E22A7C39E2D4DAA7 /* Pods-StorageService.debug.xcconfig */,
				853C73A9EB0A1118F9E59D0A /* Pods-StorageService.release.xcconfig */,
				B524FEA6BE73CDD9C9555308 /* Pods-StorageService-StorageServiceTests.debug.xcconfig */,
				400BF9247AB4D3A0ECAF6AB3 /* Pods-StorageService-StorageServiceTests.release.xcconfig */,
			);
			path = Pods;
			sourceTree = "<group>";
		};
/* End PBXGroup section */

/* Begin PBXHeadersBuildPhase section */
		31EC5B532CA47C4E00AACEA5 /* Headers */ = {
			isa = PBXHeadersBuildPhase;
			buildActionMask = 2147483647;
			files = (
				31EC5B6A2CA47C4F00AACEA5 /* StorageService.h in Headers */,
			);
			runOnlyForDeploymentPostprocessing = 0;
		};
/* End PBXHeadersBuildPhase section */

/* Begin PBXNativeTarget section */
		3126B82E2C0759370078029A /* Navigation1 */ = {
			isa = PBXNativeTarget;
			buildConfigurationList = 3126B8432C07593D0078029A /* Build configuration list for PBXNativeTarget "Navigation1" */;
			buildPhases = (
				31868DA46B9883DB0A11F095 /* [CP] Check Pods Manifest.lock */,
				3126B82B2C0759370078029A /* Sources */,
				3126B82C2C0759370078029A /* Frameworks */,
				3126B82D2C0759370078029A /* Resources */,
				31EC5B6F2CA47C4F00AACEA5 /* Embed Frameworks */,
				D181FE789B72CB4CB901573B /* [CP] Embed Pods Frameworks */,
			);
			buildRules = (
			);
			dependencies = (
				31EC5B6C2CA47C4F00AACEA5 /* PBXTargetDependency */,
			);
			name = Navigation1;
			packageProductDependencies = (
				31D990EE2CAB723B00396883 /* iOSIntPackage */,
			);
			productName = Navigation1;
			productReference = 3126B82F2C0759370078029A /* Navigation1.app */;
			productType = "com.apple.product-type.application";
		};
		31EC5B572CA47C4E00AACEA5 /* StorageService */ = {
			isa = PBXNativeTarget;
			buildConfigurationList = 31EC5B742CA47C4F00AACEA5 /* Build configuration list for PBXNativeTarget "StorageService" */;
			buildPhases = (
				27A7A31FC17FDEFD9A45BB19 /* [CP] Check Pods Manifest.lock */,
				31EC5B532CA47C4E00AACEA5 /* Headers */,
				31EC5B542CA47C4E00AACEA5 /* Sources */,
				31EC5B552CA47C4E00AACEA5 /* Frameworks */,
				31EC5B562CA47C4E00AACEA5 /* Resources */,
			);
			buildRules = (
			);
			dependencies = (
			);
			name = StorageService;
			productName = StorageService;
			productReference = 31EC5B582CA47C4E00AACEA5 /* StorageService.framework */;
			productType = "com.apple.product-type.framework";
		};
		31EC5B602CA47C4F00AACEA5 /* StorageServiceTests */ = {
			isa = PBXNativeTarget;
			buildConfigurationList = 31EC5B752CA47C4F00AACEA5 /* Build configuration list for PBXNativeTarget "StorageServiceTests" */;
			buildPhases = (
				04335C7D6753C8F3C394712F /* [CP] Check Pods Manifest.lock */,
				31EC5B5D2CA47C4F00AACEA5 /* Sources */,
				31EC5B5E2CA47C4F00AACEA5 /* Frameworks */,
				31EC5B5F2CA47C4F00AACEA5 /* Resources */,
				A9D3A5D81A7B0755D6F6BEE6 /* [CP] Embed Pods Frameworks */,
			);
			buildRules = (
			);
			dependencies = (
				31EC5B642CA47C4F00AACEA5 /* PBXTargetDependency */,
				31EC5B662CA47C4F00AACEA5 /* PBXTargetDependency */,
			);
			name = StorageServiceTests;
			productName = StorageServiceTests;
			productReference = 31EC5B612CA47C4F00AACEA5 /* StorageServiceTests.xctest */;
			productType = "com.apple.product-type.bundle.unit-test";
		};
/* End PBXNativeTarget section */

/* Begin PBXProject section */
		3126B8272C0759360078029A /* Project object */ = {
			isa = PBXProject;
			attributes = {
				BuildIndependentTargetsInParallel = 1;
				LastSwiftUpdateCheck = 1430;
				LastUpgradeCheck = 1430;
				TargetAttributes = {
					3126B82E2C0759370078029A = {
						CreatedOnToolsVersion = 14.3.1;
					};
					31EC5B572CA47C4E00AACEA5 = {
						CreatedOnToolsVersion = 14.3.1;
					};
					31EC5B602CA47C4F00AACEA5 = {
						CreatedOnToolsVersion = 14.3.1;
						TestTargetID = 3126B82E2C0759370078029A;
					};
				};
			};
			buildConfigurationList = 3126B82A2C0759370078029A /* Build configuration list for PBXProject "Navigation1" */;
			compatibilityVersion = "Xcode 14.0";
			developmentRegion = en;
			hasScannedForEncodings = 0;
			knownRegions = (
				en,
				Base,
			);
			mainGroup = 3126B8262C0759360078029A;
			packageReferences = (
				31D990ED2CAB723B00396883 /* XCRemoteSwiftPackageReference "iOSIntPackage" */,
			);
			productRefGroup = 3126B8302C0759370078029A /* Products */;
			projectDirPath = "";
			projectRoot = "";
			targets = (
				3126B82E2C0759370078029A /* Navigation1 */,
				31EC5B572CA47C4E00AACEA5 /* StorageService */,
				31EC5B602CA47C4F00AACEA5 /* StorageServiceTests */,
			);
		};
/* End PBXProject section */

/* Begin PBXResourcesBuildPhase section */
		3126B82D2C0759370078029A /* Resources */ = {
			isa = PBXResourcesBuildPhase;
			buildActionMask = 2147483647;
			files = (
				3126B83F2C07593D0078029A /* LaunchScreen.storyboard in Resources */,
				3126B83C2C07593D0078029A /* Assets.xcassets in Resources */,
			);
			runOnlyForDeploymentPostprocessing = 0;
		};
		31EC5B562CA47C4E00AACEA5 /* Resources */ = {
			isa = PBXResourcesBuildPhase;
			buildActionMask = 2147483647;
			files = (
			);
			runOnlyForDeploymentPostprocessing = 0;
		};
		31EC5B5F2CA47C4F00AACEA5 /* Resources */ = {
			isa = PBXResourcesBuildPhase;
			buildActionMask = 2147483647;
			files = (
			);
			runOnlyForDeploymentPostprocessing = 0;
		};
/* End PBXResourcesBuildPhase section */

/* Begin PBXShellScriptBuildPhase section */
		04335C7D6753C8F3C394712F /* [CP] Check Pods Manifest.lock */ = {
			isa = PBXShellScriptBuildPhase;
			buildActionMask = 2147483647;
			files = (
			);
			inputFileListPaths = (
			);
			inputPaths = (
				"${PODS_PODFILE_DIR_PATH}/Podfile.lock",
				"${PODS_ROOT}/Manifest.lock",
			);
			name = "[CP] Check Pods Manifest.lock";
			outputFileListPaths = (
			);
			outputPaths = (
				"$(DERIVED_FILE_DIR)/Pods-StorageService-StorageServiceTests-checkManifestLockResult.txt",
			);
			runOnlyForDeploymentPostprocessing = 0;
			shellPath = /bin/sh;
			shellScript = "diff \"${PODS_PODFILE_DIR_PATH}/Podfile.lock\" \"${PODS_ROOT}/Manifest.lock\" > /dev/null\nif [ $? != 0 ] ; then\n    # print error to STDERR\n    echo \"error: The sandbox is not in sync with the Podfile.lock. Run 'pod install' or update your CocoaPods installation.\" >&2\n    exit 1\nfi\n# This output is used by Xcode 'outputs' to avoid re-running this script phase.\necho \"SUCCESS\" > \"${SCRIPT_OUTPUT_FILE_0}\"\n";
			showEnvVarsInLog = 0;
		};
		27A7A31FC17FDEFD9A45BB19 /* [CP] Check Pods Manifest.lock */ = {
			isa = PBXShellScriptBuildPhase;
			buildActionMask = 2147483647;
			files = (
			);
			inputFileListPaths = (
			);
			inputPaths = (
				"${PODS_PODFILE_DIR_PATH}/Podfile.lock",
				"${PODS_ROOT}/Manifest.lock",
			);
			name = "[CP] Check Pods Manifest.lock";
			outputFileListPaths = (
			);
			outputPaths = (
				"$(DERIVED_FILE_DIR)/Pods-StorageService-checkManifestLockResult.txt",
			);
			runOnlyForDeploymentPostprocessing = 0;
			shellPath = /bin/sh;
			shellScript = "diff \"${PODS_PODFILE_DIR_PATH}/Podfile.lock\" \"${PODS_ROOT}/Manifest.lock\" > /dev/null\nif [ $? != 0 ] ; then\n    # print error to STDERR\n    echo \"error: The sandbox is not in sync with the Podfile.lock. Run 'pod install' or update your CocoaPods installation.\" >&2\n    exit 1\nfi\n# This output is used by Xcode 'outputs' to avoid re-running this script phase.\necho \"SUCCESS\" > \"${SCRIPT_OUTPUT_FILE_0}\"\n";
			showEnvVarsInLog = 0;
		};
		31868DA46B9883DB0A11F095 /* [CP] Check Pods Manifest.lock */ = {
			isa = PBXShellScriptBuildPhase;
			buildActionMask = 2147483647;
			files = (
			);
			inputFileListPaths = (
			);
			inputPaths = (
				"${PODS_PODFILE_DIR_PATH}/Podfile.lock",
				"${PODS_ROOT}/Manifest.lock",
			);
			name = "[CP] Check Pods Manifest.lock";
			outputFileListPaths = (
			);
			outputPaths = (
				"$(DERIVED_FILE_DIR)/Pods-Navigation1-checkManifestLockResult.txt",
			);
			runOnlyForDeploymentPostprocessing = 0;
			shellPath = /bin/sh;
			shellScript = "diff \"${PODS_PODFILE_DIR_PATH}/Podfile.lock\" \"${PODS_ROOT}/Manifest.lock\" > /dev/null\nif [ $? != 0 ] ; then\n    # print error to STDERR\n    echo \"error: The sandbox is not in sync with the Podfile.lock. Run 'pod install' or update your CocoaPods installation.\" >&2\n    exit 1\nfi\n# This output is used by Xcode 'outputs' to avoid re-running this script phase.\necho \"SUCCESS\" > \"${SCRIPT_OUTPUT_FILE_0}\"\n";
			showEnvVarsInLog = 0;
		};
		A9D3A5D81A7B0755D6F6BEE6 /* [CP] Embed Pods Frameworks */ = {
			isa = PBXShellScriptBuildPhase;
			buildActionMask = 2147483647;
			files = (
			);
			inputFileListPaths = (
				"${PODS_ROOT}/Target Support Files/Pods-StorageService-StorageServiceTests/Pods-StorageService-StorageServiceTests-frameworks-${CONFIGURATION}-input-files.xcfilelist",
			);
			name = "[CP] Embed Pods Frameworks";
			outputFileListPaths = (
				"${PODS_ROOT}/Target Support Files/Pods-StorageService-StorageServiceTests/Pods-StorageService-StorageServiceTests-frameworks-${CONFIGURATION}-output-files.xcfilelist",
			);
			runOnlyForDeploymentPostprocessing = 0;
			shellPath = /bin/sh;
			shellScript = "\"${PODS_ROOT}/Target Support Files/Pods-StorageService-StorageServiceTests/Pods-StorageService-StorageServiceTests-frameworks.sh\"\n";
			showEnvVarsInLog = 0;
		};
		D181FE789B72CB4CB901573B /* [CP] Embed Pods Frameworks */ = {
			isa = PBXShellScriptBuildPhase;
			buildActionMask = 2147483647;
			files = (
			);
			inputFileListPaths = (
				"${PODS_ROOT}/Target Support Files/Pods-Navigation1/Pods-Navigation1-frameworks-${CONFIGURATION}-input-files.xcfilelist",
			);
			name = "[CP] Embed Pods Frameworks";
			outputFileListPaths = (
				"${PODS_ROOT}/Target Support Files/Pods-Navigation1/Pods-Navigation1-frameworks-${CONFIGURATION}-output-files.xcfilelist",
			);
			runOnlyForDeploymentPostprocessing = 0;
			shellPath = /bin/sh;
			shellScript = "\"${PODS_ROOT}/Target Support Files/Pods-Navigation1/Pods-Navigation1-frameworks.sh\"\n";
			showEnvVarsInLog = 0;
		};
/* End PBXShellScriptBuildPhase section */

/* Begin PBXSourcesBuildPhase section */
		3126B82B2C0759370078029A /* Sources */ = {
			isa = PBXSourcesBuildPhase;
			buildActionMask = 2147483647;
			files = (
				315834FC2C6F9155002B6DD5 /* PhotosTableViewCell.swift in Sources */,
				31BE2B5A2C5E9E5600165C77 /* PostTableViewCell.swift in Sources */,
				3126B84B2C075E260078029A /* PostViewController.swift in Sources */,
				3126B8372C0759370078029A /* ViewController.swift in Sources */,
				31C6A0312C6FCD5100DEFA9F /* PhotosCollectionViewCell.swift in Sources */,
				3149F5482C52D593005FA37B /* LogInViewController.swift in Sources */,
				3126B8332C0759370078029A /* AppDelegate.swift in Sources */,
				3126B84D2C075EF20078029A /* InfoViewController.swift in Sources */,
				3126B8492C075ABD0078029A /* FeedViewController.swift in Sources */,
				3126B8472C075AA20078029A /* ProfileViewController.swift in Sources */,
				3126B8352C0759370078029A /* SceneDelegate.swift in Sources */,
				31C6A0332C6FCD8C00DEFA9F /* PhotosViewController.swift in Sources */,
				314D39A92C2052A30074EDDD /* ProfileHeaderView.swift in Sources */,
			);
			runOnlyForDeploymentPostprocessing = 0;
		};
		31EC5B542CA47C4E00AACEA5 /* Sources */ = {
			isa = PBXSourcesBuildPhase;
			buildActionMask = 2147483647;
			files = (
				31EC5B5C2CA47C4E00AACEA5 /* StorageService.docc in Sources */,
				31EC5B762CA47C5B00AACEA5 /* Post.swift in Sources */,
			);
			runOnlyForDeploymentPostprocessing = 0;
		};
		31EC5B5D2CA47C4F00AACEA5 /* Sources */ = {
			isa = PBXSourcesBuildPhase;
			buildActionMask = 2147483647;
			files = (
				31EC5B692CA47C4F00AACEA5 /* StorageServiceTests.swift in Sources */,
			);
			runOnlyForDeploymentPostprocessing = 0;
		};
/* End PBXSourcesBuildPhase section */

/* Begin PBXTargetDependency section */
		31EC5B642CA47C4F00AACEA5 /* PBXTargetDependency */ = {
			isa = PBXTargetDependency;
			target = 31EC5B572CA47C4E00AACEA5 /* StorageService */;
			targetProxy = 31EC5B632CA47C4F00AACEA5 /* PBXContainerItemProxy */;
		};
		31EC5B662CA47C4F00AACEA5 /* PBXTargetDependency */ = {
			isa = PBXTargetDependency;
			target = 3126B82E2C0759370078029A /* Navigation1 */;
			targetProxy = 31EC5B652CA47C4F00AACEA5 /* PBXContainerItemProxy */;
		};
		31EC5B6C2CA47C4F00AACEA5 /* PBXTargetDependency */ = {
			isa = PBXTargetDependency;
			target = 31EC5B572CA47C4E00AACEA5 /* StorageService */;
			targetProxy = 31EC5B6B2CA47C4F00AACEA5 /* PBXContainerItemProxy */;
		};
/* End PBXTargetDependency section */

/* Begin PBXVariantGroup section */
		3126B83D2C07593D0078029A /* LaunchScreen.storyboard */ = {
			isa = PBXVariantGroup;
			children = (
				3126B83E2C07593D0078029A /* Base */,
			);
			name = LaunchScreen.storyboard;
			sourceTree = "<group>";
		};
/* End PBXVariantGroup section */

/* Begin XCBuildConfiguration section */
		3126B8412C07593D0078029A /* Debug */ = {
			isa = XCBuildConfiguration;
			buildSettings = {
				ALWAYS_SEARCH_USER_PATHS = NO;
				CLANG_ANALYZER_NONNULL = YES;
				CLANG_ANALYZER_NUMBER_OBJECT_CONVERSION = YES_AGGRESSIVE;
				CLANG_CXX_LANGUAGE_STANDARD = "gnu++20";
				CLANG_ENABLE_MODULES = YES;
				CLANG_ENABLE_OBJC_ARC = YES;
				CLANG_ENABLE_OBJC_WEAK = YES;
				CLANG_WARN_BLOCK_CAPTURE_AUTORELEASING = YES;
				CLANG_WARN_BOOL_CONVERSION = YES;
				CLANG_WARN_COMMA = YES;
				CLANG_WARN_CONSTANT_CONVERSION = YES;
				CLANG_WARN_DEPRECATED_OBJC_IMPLEMENTATIONS = YES;
				CLANG_WARN_DIRECT_OBJC_ISA_USAGE = YES_ERROR;
				CLANG_WARN_DOCUMENTATION_COMMENTS = YES;
				CLANG_WARN_EMPTY_BODY = YES;
				CLANG_WARN_ENUM_CONVERSION = YES;
				CLANG_WARN_INFINITE_RECURSION = YES;
				CLANG_WARN_INT_CONVERSION = YES;
				CLANG_WARN_NON_LITERAL_NULL_CONVERSION = YES;
				CLANG_WARN_OBJC_IMPLICIT_RETAIN_SELF = YES;
				CLANG_WARN_OBJC_LITERAL_CONVERSION = YES;
				CLANG_WARN_OBJC_ROOT_CLASS = YES_ERROR;
				CLANG_WARN_QUOTED_INCLUDE_IN_FRAMEWORK_HEADER = YES;
				CLANG_WARN_RANGE_LOOP_ANALYSIS = YES;
				CLANG_WARN_STRICT_PROTOTYPES = YES;
				CLANG_WARN_SUSPICIOUS_MOVE = YES;
				CLANG_WARN_UNGUARDED_AVAILABILITY = YES_AGGRESSIVE;
				CLANG_WARN_UNREACHABLE_CODE = YES;
				CLANG_WARN__DUPLICATE_METHOD_MATCH = YES;
				COPY_PHASE_STRIP = NO;
				DEBUG_INFORMATION_FORMAT = dwarf;
				ENABLE_STRICT_OBJC_MSGSEND = YES;
				ENABLE_TESTABILITY = YES;
				GCC_C_LANGUAGE_STANDARD = gnu11;
				GCC_DYNAMIC_NO_PIC = NO;
				GCC_NO_COMMON_BLOCKS = YES;
				GCC_OPTIMIZATION_LEVEL = 0;
				GCC_PREPROCESSOR_DEFINITIONS = (
					"DEBUG=1",
					"$(inherited)",
				);
				GCC_WARN_64_TO_32_BIT_CONVERSION = YES;
				GCC_WARN_ABOUT_RETURN_TYPE = YES_ERROR;
				GCC_WARN_UNDECLARED_SELECTOR = YES;
				GCC_WARN_UNINITIALIZED_AUTOS = YES_AGGRESSIVE;
				GCC_WARN_UNUSED_FUNCTION = YES;
				GCC_WARN_UNUSED_VARIABLE = YES;
				IPHONEOS_DEPLOYMENT_TARGET = 16.4;
				MTL_ENABLE_DEBUG_INFO = INCLUDE_SOURCE;
				MTL_FAST_MATH = YES;
				ONLY_ACTIVE_ARCH = YES;
				SDKROOT = iphoneos;
				SWIFT_ACTIVE_COMPILATION_CONDITIONS = DEBUG;
				SWIFT_OPTIMIZATION_LEVEL = "-Onone";
			};
			name = Debug;
		};
		3126B8422C07593D0078029A /* Release */ = {
			isa = XCBuildConfiguration;
			buildSettings = {
				ALWAYS_SEARCH_USER_PATHS = NO;
				CLANG_ANALYZER_NONNULL = YES;
				CLANG_ANALYZER_NUMBER_OBJECT_CONVERSION = YES_AGGRESSIVE;
				CLANG_CXX_LANGUAGE_STANDARD = "gnu++20";
				CLANG_ENABLE_MODULES = YES;
				CLANG_ENABLE_OBJC_ARC = YES;
				CLANG_ENABLE_OBJC_WEAK = YES;
				CLANG_WARN_BLOCK_CAPTURE_AUTORELEASING = YES;
				CLANG_WARN_BOOL_CONVERSION = YES;
				CLANG_WARN_COMMA = YES;
				CLANG_WARN_CONSTANT_CONVERSION = YES;
				CLANG_WARN_DEPRECATED_OBJC_IMPLEMENTATIONS = YES;
				CLANG_WARN_DIRECT_OBJC_ISA_USAGE = YES_ERROR;
				CLANG_WARN_DOCUMENTATION_COMMENTS = YES;
				CLANG_WARN_EMPTY_BODY = YES;
				CLANG_WARN_ENUM_CONVERSION = YES;
				CLANG_WARN_INFINITE_RECURSION = YES;
				CLANG_WARN_INT_CONVERSION = YES;
				CLANG_WARN_NON_LITERAL_NULL_CONVERSION = YES;
				CLANG_WARN_OBJC_IMPLICIT_RETAIN_SELF = YES;
				CLANG_WARN_OBJC_LITERAL_CONVERSION = YES;
				CLANG_WARN_OBJC_ROOT_CLASS = YES_ERROR;
				CLANG_WARN_QUOTED_INCLUDE_IN_FRAMEWORK_HEADER = YES;
				CLANG_WARN_RANGE_LOOP_ANALYSIS = YES;
				CLANG_WARN_STRICT_PROTOTYPES = YES;
				CLANG_WARN_SUSPICIOUS_MOVE = YES;
				CLANG_WARN_UNGUARDED_AVAILABILITY = YES_AGGRESSIVE;
				CLANG_WARN_UNREACHABLE_CODE = YES;
				CLANG_WARN__DUPLICATE_METHOD_MATCH = YES;
				COPY_PHASE_STRIP = NO;
				DEBUG_INFORMATION_FORMAT = "dwarf-with-dsym";
				ENABLE_NS_ASSERTIONS = NO;
				ENABLE_STRICT_OBJC_MSGSEND = YES;
				GCC_C_LANGUAGE_STANDARD = gnu11;
				GCC_NO_COMMON_BLOCKS = YES;
				GCC_WARN_64_TO_32_BIT_CONVERSION = YES;
				GCC_WARN_ABOUT_RETURN_TYPE = YES_ERROR;
				GCC_WARN_UNDECLARED_SELECTOR = YES;
				GCC_WARN_UNINITIALIZED_AUTOS = YES_AGGRESSIVE;
				GCC_WARN_UNUSED_FUNCTION = YES;
				GCC_WARN_UNUSED_VARIABLE = YES;
				IPHONEOS_DEPLOYMENT_TARGET = 16.4;
				MTL_ENABLE_DEBUG_INFO = NO;
				MTL_FAST_MATH = YES;
				SDKROOT = iphoneos;
				SWIFT_COMPILATION_MODE = wholemodule;
				SWIFT_OPTIMIZATION_LEVEL = "-O";
				VALIDATE_PRODUCT = YES;
			};
			name = Release;
		};
		3126B8442C07593D0078029A /* Debug */ = {
			isa = XCBuildConfiguration;
			baseConfigurationReference = 371AF147134B7FE316432A9A /* Pods-Navigation1.debug.xcconfig */;
			buildSettings = {
				ALWAYS_EMBED_SWIFT_STANDARD_LIBRARIES = YES;
				ASSETCATALOG_COMPILER_APPICON_NAME = AppIcon;
				ASSETCATALOG_COMPILER_GLOBAL_ACCENT_COLOR_NAME = AccentColor;
				CODE_SIGN_STYLE = Automatic;
				CURRENT_PROJECT_VERSION = 1;
				GENERATE_INFOPLIST_FILE = YES;
				INFOPLIST_FILE = Navigation1/Info.plist;
				INFOPLIST_KEY_UIApplicationSupportsIndirectInputEvents = YES;
				INFOPLIST_KEY_UILaunchStoryboardName = LaunchScreen;
				INFOPLIST_KEY_UISupportedInterfaceOrientations_iPad = "UIInterfaceOrientationPortrait UIInterfaceOrientationPortraitUpsideDown UIInterfaceOrientationLandscapeLeft UIInterfaceOrientationLandscapeRight";
				INFOPLIST_KEY_UISupportedInterfaceOrientations_iPhone = "UIInterfaceOrientationPortrait UIInterfaceOrientationLandscapeLeft UIInterfaceOrientationLandscapeRight";
				LD_RUNPATH_SEARCH_PATHS = (
					"$(inherited)",
					"@executable_path/Frameworks",
				);
				MARKETING_VERSION = 1.0;
				PRODUCT_BUNDLE_IDENTIFIER = com.elena.Navigation1;
				PRODUCT_NAME = "$(TARGET_NAME)";
				SWIFT_EMIT_LOC_STRINGS = YES;
				SWIFT_VERSION = 5.0;
				TARGETED_DEVICE_FAMILY = "1,2";
			};
			name = Debug;
		};
		3126B8452C07593D0078029A /* Release */ = {
			isa = XCBuildConfiguration;
			baseConfigurationReference = 22DDC99145031E777D748A4A /* Pods-Navigation1.release.xcconfig */;
			buildSettings = {
				ALWAYS_EMBED_SWIFT_STANDARD_LIBRARIES = YES;
				ASSETCATALOG_COMPILER_APPICON_NAME = AppIcon;
				ASSETCATALOG_COMPILER_GLOBAL_ACCENT_COLOR_NAME = AccentColor;
				CODE_SIGN_STYLE = Automatic;
				CURRENT_PROJECT_VERSION = 1;
				GENERATE_INFOPLIST_FILE = YES;
				INFOPLIST_FILE = Navigation1/Info.plist;
				INFOPLIST_KEY_UIApplicationSupportsIndirectInputEvents = YES;
				INFOPLIST_KEY_UILaunchStoryboardName = LaunchScreen;
				INFOPLIST_KEY_UISupportedInterfaceOrientations_iPad = "UIInterfaceOrientationPortrait UIInterfaceOrientationPortraitUpsideDown UIInterfaceOrientationLandscapeLeft UIInterfaceOrientationLandscapeRight";
				INFOPLIST_KEY_UISupportedInterfaceOrientations_iPhone = "UIInterfaceOrientationPortrait UIInterfaceOrientationLandscapeLeft UIInterfaceOrientationLandscapeRight";
				LD_RUNPATH_SEARCH_PATHS = (
					"$(inherited)",
					"@executable_path/Frameworks",
				);
				MARKETING_VERSION = 1.0;
				PRODUCT_BUNDLE_IDENTIFIER = com.elena.Navigation1;
				PRODUCT_NAME = "$(TARGET_NAME)";
				SWIFT_EMIT_LOC_STRINGS = YES;
				SWIFT_VERSION = 5.0;
				TARGETED_DEVICE_FAMILY = "1,2";
			};
			name = Release;
		};
		31EC5B702CA47C4F00AACEA5 /* Debug */ = {
			isa = XCBuildConfiguration;
			baseConfigurationReference = 98846BB6E22A7C39E2D4DAA7 /* Pods-StorageService.debug.xcconfig */;
			buildSettings = {
				CODE_SIGN_STYLE = Automatic;
				CURRENT_PROJECT_VERSION = 1;
				DEFINES_MODULE = YES;
				DYLIB_COMPATIBILITY_VERSION = 1;
				DYLIB_CURRENT_VERSION = 1;
				DYLIB_INSTALL_NAME_BASE = "@rpath";
				ENABLE_MODULE_VERIFIER = YES;
				GENERATE_INFOPLIST_FILE = YES;
				INFOPLIST_KEY_NSHumanReadableCopyright = "";
				INSTALL_PATH = "$(LOCAL_LIBRARY_DIR)/Frameworks";
				LD_RUNPATH_SEARCH_PATHS = (
					"$(inherited)",
					"@executable_path/Frameworks",
					"@loader_path/Frameworks",
				);
				MARKETING_VERSION = 1.0;
				MODULE_VERIFIER_SUPPORTED_LANGUAGES = "objective-c objective-c++";
				MODULE_VERIFIER_SUPPORTED_LANGUAGE_STANDARDS = "gnu11 gnu++20";
				PRODUCT_BUNDLE_IDENTIFIER = com.elena.StorageService;
				PRODUCT_NAME = "$(TARGET_NAME:c99extidentifier)";
				SKIP_INSTALL = YES;
				SWIFT_EMIT_LOC_STRINGS = YES;
				SWIFT_VERSION = 5.0;
				TARGETED_DEVICE_FAMILY = "1,2";
				VERSIONING_SYSTEM = "apple-generic";
				VERSION_INFO_PREFIX = "";
			};
			name = Debug;
		};
		31EC5B712CA47C4F00AACEA5 /* Release */ = {
			isa = XCBuildConfiguration;
			baseConfigurationReference = 853C73A9EB0A1118F9E59D0A /* Pods-StorageService.release.xcconfig */;
			buildSettings = {
				CODE_SIGN_STYLE = Automatic;
				CURRENT_PROJECT_VERSION = 1;
				DEFINES_MODULE = YES;
				DYLIB_COMPATIBILITY_VERSION = 1;
				DYLIB_CURRENT_VERSION = 1;
				DYLIB_INSTALL_NAME_BASE = "@rpath";
				ENABLE_MODULE_VERIFIER = YES;
				GENERATE_INFOPLIST_FILE = YES;
				INFOPLIST_KEY_NSHumanReadableCopyright = "";
				INSTALL_PATH = "$(LOCAL_LIBRARY_DIR)/Frameworks";
				LD_RUNPATH_SEARCH_PATHS = (
					"$(inherited)",
					"@executable_path/Frameworks",
					"@loader_path/Frameworks",
				);
				MARKETING_VERSION = 1.0;
				MODULE_VERIFIER_SUPPORTED_LANGUAGES = "objective-c objective-c++";
				MODULE_VERIFIER_SUPPORTED_LANGUAGE_STANDARDS = "gnu11 gnu++20";
				PRODUCT_BUNDLE_IDENTIFIER = com.elena.StorageService;
				PRODUCT_NAME = "$(TARGET_NAME:c99extidentifier)";
				SKIP_INSTALL = YES;
				SWIFT_EMIT_LOC_STRINGS = YES;
				SWIFT_VERSION = 5.0;
				TARGETED_DEVICE_FAMILY = "1,2";
				VERSIONING_SYSTEM = "apple-generic";
				VERSION_INFO_PREFIX = "";
			};
			name = Release;
		};
		31EC5B722CA47C4F00AACEA5 /* Debug */ = {
			isa = XCBuildConfiguration;
			baseConfigurationReference = B524FEA6BE73CDD9C9555308 /* Pods-StorageService-StorageServiceTests.debug.xcconfig */;
			buildSettings = {
				ALWAYS_EMBED_SWIFT_STANDARD_LIBRARIES = YES;
				CODE_SIGN_STYLE = Automatic;
				CURRENT_PROJECT_VERSION = 1;
				GENERATE_INFOPLIST_FILE = YES;
				MARKETING_VERSION = 1.0;
				PRODUCT_BUNDLE_IDENTIFIER = com.elena.StorageServiceTests;
				PRODUCT_NAME = "$(TARGET_NAME)";
				SWIFT_EMIT_LOC_STRINGS = NO;
				SWIFT_VERSION = 5.0;
				TARGETED_DEVICE_FAMILY = "1,2";
				TEST_HOST = "$(BUILT_PRODUCTS_DIR)/Navigation1.app/$(BUNDLE_EXECUTABLE_FOLDER_PATH)/Navigation1";
			};
			name = Debug;
		};
		31EC5B732CA47C4F00AACEA5 /* Release */ = {
			isa = XCBuildConfiguration;
			baseConfigurationReference = 400BF9247AB4D3A0ECAF6AB3 /* Pods-StorageService-StorageServiceTests.release.xcconfig */;
			buildSettings = {
				ALWAYS_EMBED_SWIFT_STANDARD_LIBRARIES = YES;
				CODE_SIGN_STYLE = Automatic;
				CURRENT_PROJECT_VERSION = 1;
				GENERATE_INFOPLIST_FILE = YES;
				MARKETING_VERSION = 1.0;
				PRODUCT_BUNDLE_IDENTIFIER = com.elena.StorageServiceTests;
				PRODUCT_NAME = "$(TARGET_NAME)";
				SWIFT_EMIT_LOC_STRINGS = NO;
				SWIFT_VERSION = 5.0;
				TARGETED_DEVICE_FAMILY = "1,2";
				TEST_HOST = "$(BUILT_PRODUCTS_DIR)/Navigation1.app/$(BUNDLE_EXECUTABLE_FOLDER_PATH)/Navigation1";
			};
			name = Release;
		};
/* End XCBuildConfiguration section */

/* Begin XCConfigurationList section */
		3126B82A2C0759370078029A /* Build configuration list for PBXProject "Navigation1" */ = {
			isa = XCConfigurationList;
			buildConfigurations = (
				3126B8412C07593D0078029A /* Debug */,
				3126B8422C07593D0078029A /* Release */,
			);
			defaultConfigurationIsVisible = 0;
			defaultConfigurationName = Release;
		};
		3126B8432C07593D0078029A /* Build configuration list for PBXNativeTarget "Navigation1" */ = {
			isa = XCConfigurationList;
			buildConfigurations = (
				3126B8442C07593D0078029A /* Debug */,
				3126B8452C07593D0078029A /* Release */,
			);
			defaultConfigurationIsVisible = 0;
			defaultConfigurationName = Release;
		};
		31EC5B742CA47C4F00AACEA5 /* Build configuration list for PBXNativeTarget "StorageService" */ = {
			isa = XCConfigurationList;
			buildConfigurations = (
				31EC5B702CA47C4F00AACEA5 /* Debug */,
				31EC5B712CA47C4F00AACEA5 /* Release */,
			);
			defaultConfigurationIsVisible = 0;
			defaultConfigurationName = Release;
		};
		31EC5B752CA47C4F00AACEA5 /* Build configuration list for PBXNativeTarget "StorageServiceTests" */ = {
			isa = XCConfigurationList;
			buildConfigurations = (
				31EC5B722CA47C4F00AACEA5 /* Debug */,
				31EC5B732CA47C4F00AACEA5 /* Release */,
			);
			defaultConfigurationIsVisible = 0;
			defaultConfigurationName = Release;
		};
/* End XCConfigurationList section */

/* Begin XCRemoteSwiftPackageReference section */
		31D990ED2CAB723B00396883 /* XCRemoteSwiftPackageReference "iOSIntPackage" */ = {
			isa = XCRemoteSwiftPackageReference;
			repositoryURL = "https://github.com/TrueMax/iOSIntPackage";
			requirement = {
				kind = upToNextMajorVersion;
				minimumVersion = 2.0.0;
			};
		};
/* End XCRemoteSwiftPackageReference section */

/* Begin XCSwiftPackageProductDependency section */
		31D990EE2CAB723B00396883 /* iOSIntPackage */ = {
			isa = XCSwiftPackageProductDependency;
			package = 31D990ED2CAB723B00396883 /* XCRemoteSwiftPackageReference "iOSIntPackage" */;
			productName = iOSIntPackage;
		};
/* End XCSwiftPackageProductDependency section */
	};
	rootObject = 3126B8272C0759360078029A /* Project object */;
}
